// !$*UTF8*$!
{
	archiveVersion = 1;
	classes = {
	};
	objectVersion = 56;
	objects = {

/* Begin PBXBuildFile section */
		385131052B28EA21000BDE4E /* ReviewsTableViewCell.swift in Sources */ = {isa = PBXBuildFile; fileRef = 385131032B28EA21000BDE4E /* ReviewsTableViewCell.swift */; };
		385131062B28EA21000BDE4E /* ReviewsTableViewCell.xib in Resources */ = {isa = PBXBuildFile; fileRef = 385131042B28EA21000BDE4E /* ReviewsTableViewCell.xib */; };
		3872C0932B2926FB009DFB74 /* ProductDetailsViewController.xib in Resources */ = {isa = PBXBuildFile; fileRef = 3872C0912B2926FA009DFB74 /* ProductDetailsViewController.xib */; };
		3876E4CB2B1F53FD00E9A4D3 /* WishListViewController.swift in Sources */ = {isa = PBXBuildFile; fileRef = 3876E4C92B1F53FD00E9A4D3 /* WishListViewController.swift */; };
		3876E4CC2B1F53FD00E9A4D3 /* WishListViewController.xib in Resources */ = {isa = PBXBuildFile; fileRef = 3876E4CA2B1F53FD00E9A4D3 /* WishListViewController.xib */; };
		3876E4D22B1F581900E9A4D3 /* UserViewController.swift in Sources */ = {isa = PBXBuildFile; fileRef = 3876E4D02B1F581900E9A4D3 /* UserViewController.swift */; };
		3876E4D32B1F581900E9A4D3 /* UserViewController.xib in Resources */ = {isa = PBXBuildFile; fileRef = 3876E4D12B1F581900E9A4D3 /* UserViewController.xib */; };
		3876E4DC2B1F6AB200E9A4D3 /* UserOrdersTableViewCell.swift in Sources */ = {isa = PBXBuildFile; fileRef = 3876E4DA2B1F6AB200E9A4D3 /* UserOrdersTableViewCell.swift */; };
		3876E4DD2B1F6AB200E9A4D3 /* UserOrdersTableViewCell.xib in Resources */ = {isa = PBXBuildFile; fileRef = 3876E4DB2B1F6AB200E9A4D3 /* UserOrdersTableViewCell.xib */; };
		387777612B30FB4D00DCDA05 /* CartModel.swift in Sources */ = {isa = PBXBuildFile; fileRef = 387777602B30FB4D00DCDA05 /* CartModel.swift */; };
		387777642B31058700DCDA05 /* AddressModel.swift in Sources */ = {isa = PBXBuildFile; fileRef = 387777632B31058700DCDA05 /* AddressModel.swift */; };
		387AD7682B3C57AA0099E394 /* ColorSizeCollectionViewCell.swift in Sources */ = {isa = PBXBuildFile; fileRef = 387AD7662B3C57AA0099E394 /* ColorSizeCollectionViewCell.swift */; };
		387AD7692B3C57AA0099E394 /* ColorSizeCollectionViewCell.xib in Resources */ = {isa = PBXBuildFile; fileRef = 387AD7672B3C57AA0099E394 /* ColorSizeCollectionViewCell.xib */; };
		388130442B30BAA700C14FF0 /* HomeModel.swift in Sources */ = {isa = PBXBuildFile; fileRef = 388130432B30BAA600C14FF0 /* HomeModel.swift */; };
		388130472B30C42100C14FF0 /* CategoriesModel.swift in Sources */ = {isa = PBXBuildFile; fileRef = 388130462B30C42100C14FF0 /* CategoriesModel.swift */; };
		3882E5FC2B20B5CC0065DFF7 /* PaymentMethodsViewController.swift in Sources */ = {isa = PBXBuildFile; fileRef = 3882E5FA2B20B5CC0065DFF7 /* PaymentMethodsViewController.swift */; };
		3882E5FD2B20B5CC0065DFF7 /* PaymentMethodsViewController.xib in Resources */ = {isa = PBXBuildFile; fileRef = 3882E5FB2B20B5CC0065DFF7 /* PaymentMethodsViewController.xib */; };
		38850DB42B347490001E1D6E /* Constants.swift in Sources */ = {isa = PBXBuildFile; fileRef = 38850DB32B347490001E1D6E /* Constants.swift */; };
		38850DB62B34A2F3001E1D6E /* HomeViewModel.swift in Sources */ = {isa = PBXBuildFile; fileRef = 38850DB52B34A2F3001E1D6E /* HomeViewModel.swift */; };
		388860992B38C9900037B637 /* CategoriesViewModel.swift in Sources */ = {isa = PBXBuildFile; fileRef = 388860982B38C9900037B637 /* CategoriesViewModel.swift */; };
		3888609B2B38C9AA0037B637 /* CategoriesRepository.swift in Sources */ = {isa = PBXBuildFile; fileRef = 3888609A2B38C9AA0037B637 /* CategoriesRepository.swift */; };
		388870882B33A0AE00F352F9 /* NetworkService.swift in Sources */ = {isa = PBXBuildFile; fileRef = 388870872B33A0AE00F352F9 /* NetworkService.swift */; };
		3889CD842B1FCCB60018CC48 /* OrderListTableViewCell.swift in Sources */ = {isa = PBXBuildFile; fileRef = 3889CD822B1FCCB60018CC48 /* OrderListTableViewCell.swift */; };
		3889CD852B1FCCB60018CC48 /* OrderListTableViewCell.xib in Resources */ = {isa = PBXBuildFile; fileRef = 3889CD832B1FCCB60018CC48 /* OrderListTableViewCell.xib */; };
		3889CD882B1FCCD20018CC48 /* ShippingAddressTableViewCell.swift in Sources */ = {isa = PBXBuildFile; fileRef = 3889CD862B1FCCD20018CC48 /* ShippingAddressTableViewCell.swift */; };
		3889CD892B1FCCD20018CC48 /* ShippingAddressTableViewCell.xib in Resources */ = {isa = PBXBuildFile; fileRef = 3889CD872B1FCCD20018CC48 /* ShippingAddressTableViewCell.xib */; };
		3889D9DD2B3253BA00CB0E72 /* CustomerModel.swift in Sources */ = {isa = PBXBuildFile; fileRef = 3889D9DC2B3253BA00CB0E72 /* CustomerModel.swift */; };
		3889D9E02B3253D700CB0E72 /* OrderModel.swift in Sources */ = {isa = PBXBuildFile; fileRef = 3889D9DF2B3253D700CB0E72 /* OrderModel.swift */; };
		388C0C1E2B35FE2000DF38D9 /* BrandProductRepository.swift in Sources */ = {isa = PBXBuildFile; fileRef = 388C0C1D2B35FE2000DF38D9 /* BrandProductRepository.swift */; };
		388C0C202B36025E00DF38D9 /* BrandProductsViewModel.swift in Sources */ = {isa = PBXBuildFile; fileRef = 388C0C1F2B36025D00DF38D9 /* BrandProductsViewModel.swift */; };
		388CCB3F2B212AC2001BDAE3 /* LocationViewController.swift in Sources */ = {isa = PBXBuildFile; fileRef = 388CCB3D2B212AC2001BDAE3 /* LocationViewController.swift */; };
		388CCB402B212AC2001BDAE3 /* LocationViewController.xib in Resources */ = {isa = PBXBuildFile; fileRef = 388CCB3E2B212AC2001BDAE3 /* LocationViewController.xib */; };
		388DC7832B237E9600C6FB8C /* AddressesViewController.swift in Sources */ = {isa = PBXBuildFile; fileRef = 388DC7812B237E9600C6FB8C /* AddressesViewController.swift */; };
		388DC7892B2381AF00C6FB8C /* AddressesTableViewCell.xib in Resources */ = {isa = PBXBuildFile; fileRef = 388DC7872B2381AF00C6FB8C /* AddressesTableViewCell.xib */; };
		388DC7A02B23CEAE00C6FB8C /* AddressConfirmationViewController.swift in Sources */ = {isa = PBXBuildFile; fileRef = 388DC79E2B23CEAE00C6FB8C /* AddressConfirmationViewController.swift */; };
		388DC7A12B23CEAE00C6FB8C /* AddressConfirmationViewController.xib in Resources */ = {isa = PBXBuildFile; fileRef = 388DC79F2B23CEAE00C6FB8C /* AddressConfirmationViewController.xib */; };
		388FBA0B2B16808700247DCB /* CategoriesViewController.swift in Sources */ = {isa = PBXBuildFile; fileRef = 388FBA092B16808700247DCB /* CategoriesViewController.swift */; };
		388FBA0C2B16808700247DCB /* CategoriesViewController.xib in Resources */ = {isa = PBXBuildFile; fileRef = 388FBA0A2B16808700247DCB /* CategoriesViewController.xib */; };
		3890763A2B14C55A00204768 /* AppDelegate.swift in Sources */ = {isa = PBXBuildFile; fileRef = 389076392B14C55A00204768 /* AppDelegate.swift */; };
		3890763C2B14C55A00204768 /* SceneDelegate.swift in Sources */ = {isa = PBXBuildFile; fileRef = 3890763B2B14C55A00204768 /* SceneDelegate.swift */; };
		389076432B14C56A00204768 /* Assets.xcassets in Resources */ = {isa = PBXBuildFile; fileRef = 389076422B14C56A00204768 /* Assets.xcassets */; };
		389076462B14C56A00204768 /* LaunchScreen.storyboard in Resources */ = {isa = PBXBuildFile; fileRef = 389076442B14C56A00204768 /* LaunchScreen.storyboard */; };
		389076512B14C56C00204768 /* TasawaqTests.swift in Sources */ = {isa = PBXBuildFile; fileRef = 389076502B14C56C00204768 /* TasawaqTests.swift */; };
		3890765B2B14C56D00204768 /* TasawaqUITests.swift in Sources */ = {isa = PBXBuildFile; fileRef = 3890765A2B14C56D00204768 /* TasawaqUITests.swift */; };
		3890765D2B14C56D00204768 /* TasawaqUITestsLaunchTests.swift in Sources */ = {isa = PBXBuildFile; fileRef = 3890765C2B14C56D00204768 /* TasawaqUITestsLaunchTests.swift */; };
		389076712B14C75E00204768 /* SignInViewController.swift in Sources */ = {isa = PBXBuildFile; fileRef = 3890766F2B14C75E00204768 /* SignInViewController.swift */; };
		389076722B14C75E00204768 /* SignInViewController.xib in Resources */ = {isa = PBXBuildFile; fileRef = 389076702B14C75E00204768 /* SignInViewController.xib */; };
		389D219B2B2773080024ED28 /* BrandProductsViewController.swift in Sources */ = {isa = PBXBuildFile; fileRef = 389D21992B2773080024ED28 /* BrandProductsViewController.swift */; };
		389D219C2B2773080024ED28 /* BrandProductsViewController.xib in Resources */ = {isa = PBXBuildFile; fileRef = 389D219A2B2773080024ED28 /* BrandProductsViewController.xib */; };
		389EB8BD2B1D15870044450B /* CartViewController.swift in Sources */ = {isa = PBXBuildFile; fileRef = 389EB8BB2B1D15870044450B /* CartViewController.swift */; };
		389EB8BE2B1D15870044450B /* CartViewController.xib in Resources */ = {isa = PBXBuildFile; fileRef = 389EB8BC2B1D15870044450B /* CartViewController.xib */; };
		389EB8C22B1D16040044450B /* CartTableViewCell.swift in Sources */ = {isa = PBXBuildFile; fileRef = 389EB8C02B1D16040044450B /* CartTableViewCell.swift */; };
		389EB8C32B1D16040044450B /* CartTableViewCell.xib in Resources */ = {isa = PBXBuildFile; fileRef = 389EB8C12B1D16040044450B /* CartTableViewCell.xib */; };
		389EB8CC2B1D54DE0044450B /* CustomTabBarViewController.swift in Sources */ = {isa = PBXBuildFile; fileRef = 389EB8CB2B1D54DE0044450B /* CustomTabBarViewController.swift */; };
		389F03AE2B29E9E2005EFFB9 /* SettingsViewController.swift in Sources */ = {isa = PBXBuildFile; fileRef = 389F03AC2B29E9E2005EFFB9 /* SettingsViewController.swift */; };
		389F03AF2B29E9E2005EFFB9 /* SettingsViewController.xib in Resources */ = {isa = PBXBuildFile; fileRef = 389F03AD2B29E9E2005EFFB9 /* SettingsViewController.xib */; };
		38A49E052B16C35E0003709E /* DetailedProductCollectionViewCell.swift in Sources */ = {isa = PBXBuildFile; fileRef = 38A49E032B16C35E0003709E /* DetailedProductCollectionViewCell.swift */; };
		38A49E062B16C35E0003709E /* DetailedProductCollectionViewCell.xib in Resources */ = {isa = PBXBuildFile; fileRef = 38A49E042B16C35E0003709E /* DetailedProductCollectionViewCell.xib */; };
		38B1841C2B3502FD000158DD /* HomeRepository.swift in Sources */ = {isa = PBXBuildFile; fileRef = 38B1841B2B3502FD000158DD /* HomeRepository.swift */; };
		38BAB5AC2B3B6845000EAFBF /* ProductDetailsViewModel.swift in Sources */ = {isa = PBXBuildFile; fileRef = 38BAB5AB2B3B6845000EAFBF /* ProductDetailsViewModel.swift */; };
		38BC223A2B1F7B6B00461CA2 /* OrderDetailsViewController.swift in Sources */ = {isa = PBXBuildFile; fileRef = 38BC22382B1F7B6B00461CA2 /* OrderDetailsViewController.swift */; };
		38BC87602B252CD5004B07CD /* AddressesTableViewCell.swift in Sources */ = {isa = PBXBuildFile; fileRef = 388DC7862B2381AF00C6FB8C /* AddressesTableViewCell.swift */; };
		38BC87612B252CE2004B07CD /* OrderDetailsViewController.xib in Resources */ = {isa = PBXBuildFile; fileRef = 38BC22392B1F7B6B00461CA2 /* OrderDetailsViewController.xib */; };
		38C64BA82B1540B300873D8E /* SignUpViewController.swift in Sources */ = {isa = PBXBuildFile; fileRef = 38C64BA62B1540B300873D8E /* SignUpViewController.swift */; };
		38C64BA92B1540B300873D8E /* SignUpViewController.xib in Resources */ = {isa = PBXBuildFile; fileRef = 38C64BA72B1540B300873D8E /* SignUpViewController.xib */; };
		38C64BAC2B1543C400873D8E /* UITextField.swift in Sources */ = {isa = PBXBuildFile; fileRef = 38C64BAB2B1543C400873D8E /* UITextField.swift */; };
		38D06D9F2B28A7B600786C8D /* ProductDetailsViewController.swift in Sources */ = {isa = PBXBuildFile; fileRef = 38D06D9D2B28A7B600786C8D /* ProductDetailsViewController.swift */; };
		38D9FB192B2A065D00430D0A /* OffersCollectionViewCell.swift in Sources */ = {isa = PBXBuildFile; fileRef = 38D9FB172B2A065D00430D0A /* OffersCollectionViewCell.swift */; };
		38D9FB1A2B2A065D00430D0A /* OffersCollectionViewCell.xib in Resources */ = {isa = PBXBuildFile; fileRef = 38D9FB182B2A065D00430D0A /* OffersCollectionViewCell.xib */; };
		38EC006D2B22672F0076B730 /* LocationViewModel.swift in Sources */ = {isa = PBXBuildFile; fileRef = 38EC006C2B22672F0076B730 /* LocationViewModel.swift */; };
		38EFF6AB2B261E1D00DE0D79 /* AddressesViewController.xib in Resources */ = {isa = PBXBuildFile; fileRef = 388DC7822B237E9600C6FB8C /* AddressesViewController.xib */; };
		3D66D9A32B1E5CEA00F84AC5 /* HomeViewController.swift in Sources */ = {isa = PBXBuildFile; fileRef = 3D66D9A12B1E5CEA00F84AC5 /* HomeViewController.swift */; };
		3D66D9A42B1E5CEA00F84AC5 /* HomeViewController.xib in Resources */ = {isa = PBXBuildFile; fileRef = 3D66D9A22B1E5CEA00F84AC5 /* HomeViewController.xib */; };
		3D66D9AA2B1E6C2500F84AC5 /* BrandsCollectionViewCell.swift in Sources */ = {isa = PBXBuildFile; fileRef = 3D66D9A82B1E6C2500F84AC5 /* BrandsCollectionViewCell.swift */; };
		3D66D9AB2B1E6C2500F84AC5 /* BrandsCollectionViewCell.xib in Resources */ = {isa = PBXBuildFile; fileRef = 3D66D9A92B1E6C2500F84AC5 /* BrandsCollectionViewCell.xib */; };
		7743D996347BC440528B147E /* Pods_TasawaqTests.framework in Frameworks */ = {isa = PBXBuildFile; fileRef = B28F06FD4A8252153B21962A /* Pods_TasawaqTests.framework */; };
		E4806826FE4B0A8609D1063F /* Pods_Tasawaq.framework in Frameworks */ = {isa = PBXBuildFile; fileRef = 92DEECFD6F2E9B6EBCBA0ABD /* Pods_Tasawaq.framework */; };
		F673273F0F4CDA1F8BFF5BB4 /* Pods_Tasawaq_TasawaqUITests.framework in Frameworks */ = {isa = PBXBuildFile; fileRef = 0805E1C05E8F32854D5D2749 /* Pods_Tasawaq_TasawaqUITests.framework */; };
/* End PBXBuildFile section */

/* Begin PBXContainerItemProxy section */
		3890764D2B14C56C00204768 /* PBXContainerItemProxy */ = {
			isa = PBXContainerItemProxy;
			containerPortal = 3890762E2B14C55900204768 /* Project object */;
			proxyType = 1;
			remoteGlobalIDString = 389076352B14C55A00204768;
			remoteInfo = Tasawaq;
		};
		389076572B14C56D00204768 /* PBXContainerItemProxy */ = {
			isa = PBXContainerItemProxy;
			containerPortal = 3890762E2B14C55900204768 /* Project object */;
			proxyType = 1;
			remoteGlobalIDString = 389076352B14C55A00204768;
			remoteInfo = Tasawaq;
		};
/* End PBXContainerItemProxy section */

/* Begin PBXFileReference section */
		0805E1C05E8F32854D5D2749 /* Pods_Tasawaq_TasawaqUITests.framework */ = {isa = PBXFileReference; explicitFileType = wrapper.framework; includeInIndex = 0; path = Pods_Tasawaq_TasawaqUITests.framework; sourceTree = BUILT_PRODUCTS_DIR; };
		1736ACCCC87FDDDDFE0B4B52 /* Pods-TasawaqTests.debug.xcconfig */ = {isa = PBXFileReference; includeInIndex = 1; lastKnownFileType = text.xcconfig; name = "Pods-TasawaqTests.debug.xcconfig"; path = "Target Support Files/Pods-TasawaqTests/Pods-TasawaqTests.debug.xcconfig"; sourceTree = "<group>"; };
		385131032B28EA21000BDE4E /* ReviewsTableViewCell.swift */ = {isa = PBXFileReference; indentWidth = 2; lastKnownFileType = sourcecode.swift; path = ReviewsTableViewCell.swift; sourceTree = "<group>"; tabWidth = 2; };
		385131042B28EA21000BDE4E /* ReviewsTableViewCell.xib */ = {isa = PBXFileReference; lastKnownFileType = file.xib; path = ReviewsTableViewCell.xib; sourceTree = "<group>"; };
		3872C0912B2926FA009DFB74 /* ProductDetailsViewController.xib */ = {isa = PBXFileReference; lastKnownFileType = file.xib; path = ProductDetailsViewController.xib; sourceTree = "<group>"; };
		3876E4C92B1F53FD00E9A4D3 /* WishListViewController.swift */ = {isa = PBXFileReference; indentWidth = 2; lastKnownFileType = sourcecode.swift; path = WishListViewController.swift; sourceTree = "<group>"; tabWidth = 2; };
		3876E4CA2B1F53FD00E9A4D3 /* WishListViewController.xib */ = {isa = PBXFileReference; lastKnownFileType = file.xib; path = WishListViewController.xib; sourceTree = "<group>"; };
		3876E4D02B1F581900E9A4D3 /* UserViewController.swift */ = {isa = PBXFileReference; indentWidth = 2; lastKnownFileType = sourcecode.swift; path = UserViewController.swift; sourceTree = "<group>"; tabWidth = 2; };
		3876E4D12B1F581900E9A4D3 /* UserViewController.xib */ = {isa = PBXFileReference; lastKnownFileType = file.xib; path = UserViewController.xib; sourceTree = "<group>"; };
		3876E4DA2B1F6AB200E9A4D3 /* UserOrdersTableViewCell.swift */ = {isa = PBXFileReference; lastKnownFileType = sourcecode.swift; path = UserOrdersTableViewCell.swift; sourceTree = "<group>"; };
		3876E4DB2B1F6AB200E9A4D3 /* UserOrdersTableViewCell.xib */ = {isa = PBXFileReference; lastKnownFileType = file.xib; path = UserOrdersTableViewCell.xib; sourceTree = "<group>"; };
		387777602B30FB4D00DCDA05 /* CartModel.swift */ = {isa = PBXFileReference; indentWidth = 2; lastKnownFileType = sourcecode.swift; path = CartModel.swift; sourceTree = "<group>"; tabWidth = 2; };
		387777632B31058700DCDA05 /* AddressModel.swift */ = {isa = PBXFileReference; indentWidth = 2; lastKnownFileType = sourcecode.swift; path = AddressModel.swift; sourceTree = "<group>"; tabWidth = 2; };
		387AD7662B3C57AA0099E394 /* ColorSizeCollectionViewCell.swift */ = {isa = PBXFileReference; indentWidth = 2; lastKnownFileType = sourcecode.swift; path = ColorSizeCollectionViewCell.swift; sourceTree = "<group>"; tabWidth = 2; };
		387AD7672B3C57AA0099E394 /* ColorSizeCollectionViewCell.xib */ = {isa = PBXFileReference; lastKnownFileType = file.xib; path = ColorSizeCollectionViewCell.xib; sourceTree = "<group>"; };
		388130432B30BAA600C14FF0 /* HomeModel.swift */ = {isa = PBXFileReference; indentWidth = 2; lastKnownFileType = sourcecode.swift; path = HomeModel.swift; sourceTree = "<group>"; tabWidth = 2; };
		388130462B30C42100C14FF0 /* CategoriesModel.swift */ = {isa = PBXFileReference; indentWidth = 2; lastKnownFileType = sourcecode.swift; path = CategoriesModel.swift; sourceTree = "<group>"; tabWidth = 2; };
		3882E5FA2B20B5CC0065DFF7 /* PaymentMethodsViewController.swift */ = {isa = PBXFileReference; indentWidth = 2; lastKnownFileType = sourcecode.swift; path = PaymentMethodsViewController.swift; sourceTree = "<group>"; tabWidth = 2; };
		3882E5FB2B20B5CC0065DFF7 /* PaymentMethodsViewController.xib */ = {isa = PBXFileReference; lastKnownFileType = file.xib; path = PaymentMethodsViewController.xib; sourceTree = "<group>"; };
		38850DB32B347490001E1D6E /* Constants.swift */ = {isa = PBXFileReference; indentWidth = 2; lastKnownFileType = sourcecode.swift; path = Constants.swift; sourceTree = "<group>"; tabWidth = 2; };
		38850DB52B34A2F3001E1D6E /* HomeViewModel.swift */ = {isa = PBXFileReference; indentWidth = 2; lastKnownFileType = sourcecode.swift; name = HomeViewModel.swift; path = Tasawaq/Domain/NetworkService/HomeViewModel.swift; sourceTree = SOURCE_ROOT; tabWidth = 2; };
		388860982B38C9900037B637 /* CategoriesViewModel.swift */ = {isa = PBXFileReference; lastKnownFileType = sourcecode.swift; path = CategoriesViewModel.swift; sourceTree = "<group>"; };
		3888609A2B38C9AA0037B637 /* CategoriesRepository.swift */ = {isa = PBXFileReference; lastKnownFileType = sourcecode.swift; path = CategoriesRepository.swift; sourceTree = "<group>"; };
		388870872B33A0AE00F352F9 /* NetworkService.swift */ = {isa = PBXFileReference; indentWidth = 2; lastKnownFileType = sourcecode.swift; path = NetworkService.swift; sourceTree = "<group>"; tabWidth = 2; };
		3889CD822B1FCCB60018CC48 /* OrderListTableViewCell.swift */ = {isa = PBXFileReference; indentWidth = 2; lastKnownFileType = sourcecode.swift; path = OrderListTableViewCell.swift; sourceTree = "<group>"; tabWidth = 2; };
		3889CD832B1FCCB60018CC48 /* OrderListTableViewCell.xib */ = {isa = PBXFileReference; lastKnownFileType = file.xib; path = OrderListTableViewCell.xib; sourceTree = "<group>"; };
		3889CD862B1FCCD20018CC48 /* ShippingAddressTableViewCell.swift */ = {isa = PBXFileReference; indentWidth = 2; lastKnownFileType = sourcecode.swift; path = ShippingAddressTableViewCell.swift; sourceTree = "<group>"; tabWidth = 2; };
		3889CD872B1FCCD20018CC48 /* ShippingAddressTableViewCell.xib */ = {isa = PBXFileReference; lastKnownFileType = file.xib; path = ShippingAddressTableViewCell.xib; sourceTree = "<group>"; };
		3889D9DC2B3253BA00CB0E72 /* CustomerModel.swift */ = {isa = PBXFileReference; indentWidth = 2; lastKnownFileType = sourcecode.swift; path = CustomerModel.swift; sourceTree = "<group>"; tabWidth = 2; };
		3889D9DF2B3253D700CB0E72 /* OrderModel.swift */ = {isa = PBXFileReference; indentWidth = 2; lastKnownFileType = sourcecode.swift; path = OrderModel.swift; sourceTree = "<group>"; tabWidth = 2; };
		388C0C1D2B35FE2000DF38D9 /* BrandProductRepository.swift */ = {isa = PBXFileReference; indentWidth = 2; lastKnownFileType = sourcecode.swift; path = BrandProductRepository.swift; sourceTree = "<group>"; tabWidth = 2; };
		388C0C1F2B36025D00DF38D9 /* BrandProductsViewModel.swift */ = {isa = PBXFileReference; lastKnownFileType = sourcecode.swift; path = BrandProductsViewModel.swift; sourceTree = "<group>"; };
		388CCB3D2B212AC2001BDAE3 /* LocationViewController.swift */ = {isa = PBXFileReference; indentWidth = 2; lastKnownFileType = sourcecode.swift; path = LocationViewController.swift; sourceTree = "<group>"; tabWidth = 2; };
		388CCB3E2B212AC2001BDAE3 /* LocationViewController.xib */ = {isa = PBXFileReference; lastKnownFileType = file.xib; path = LocationViewController.xib; sourceTree = "<group>"; };
		388DC7812B237E9600C6FB8C /* AddressesViewController.swift */ = {isa = PBXFileReference; indentWidth = 2; lastKnownFileType = sourcecode.swift; path = AddressesViewController.swift; sourceTree = "<group>"; tabWidth = 2; };
		388DC7822B237E9600C6FB8C /* AddressesViewController.xib */ = {isa = PBXFileReference; lastKnownFileType = file.xib; path = AddressesViewController.xib; sourceTree = "<group>"; };
		388DC7862B2381AF00C6FB8C /* AddressesTableViewCell.swift */ = {isa = PBXFileReference; indentWidth = 2; lastKnownFileType = sourcecode.swift; path = AddressesTableViewCell.swift; sourceTree = "<group>"; tabWidth = 2; };
		388DC7872B2381AF00C6FB8C /* AddressesTableViewCell.xib */ = {isa = PBXFileReference; lastKnownFileType = file.xib; path = AddressesTableViewCell.xib; sourceTree = "<group>"; };
		388DC79E2B23CEAE00C6FB8C /* AddressConfirmationViewController.swift */ = {isa = PBXFileReference; indentWidth = 2; lastKnownFileType = sourcecode.swift; path = AddressConfirmationViewController.swift; sourceTree = "<group>"; tabWidth = 2; };
		388DC79F2B23CEAE00C6FB8C /* AddressConfirmationViewController.xib */ = {isa = PBXFileReference; lastKnownFileType = file.xib; path = AddressConfirmationViewController.xib; sourceTree = "<group>"; };
		388FBA092B16808700247DCB /* CategoriesViewController.swift */ = {isa = PBXFileReference; indentWidth = 2; lastKnownFileType = sourcecode.swift; path = CategoriesViewController.swift; sourceTree = "<group>"; tabWidth = 2; };
		388FBA0A2B16808700247DCB /* CategoriesViewController.xib */ = {isa = PBXFileReference; lastKnownFileType = file.xib; path = CategoriesViewController.xib; sourceTree = "<group>"; };
		389076362B14C55A00204768 /* Tasawaq.app */ = {isa = PBXFileReference; explicitFileType = wrapper.application; includeInIndex = 0; path = Tasawaq.app; sourceTree = BUILT_PRODUCTS_DIR; };
		389076392B14C55A00204768 /* AppDelegate.swift */ = {isa = PBXFileReference; indentWidth = 2; lastKnownFileType = sourcecode.swift; path = AppDelegate.swift; sourceTree = "<group>"; tabWidth = 2; };
		3890763B2B14C55A00204768 /* SceneDelegate.swift */ = {isa = PBXFileReference; indentWidth = 2; lastKnownFileType = sourcecode.swift; path = SceneDelegate.swift; sourceTree = "<group>"; tabWidth = 2; };
		389076422B14C56A00204768 /* Assets.xcassets */ = {isa = PBXFileReference; lastKnownFileType = folder.assetcatalog; path = Assets.xcassets; sourceTree = "<group>"; };
		389076452B14C56A00204768 /* Base */ = {isa = PBXFileReference; lastKnownFileType = file.storyboard; name = Base; path = Base.lproj/LaunchScreen.storyboard; sourceTree = "<group>"; };
		389076472B14C56A00204768 /* Info.plist */ = {isa = PBXFileReference; lastKnownFileType = text.plist.xml; path = Info.plist; sourceTree = "<group>"; };
		3890764C2B14C56C00204768 /* TasawaqTests.xctest */ = {isa = PBXFileReference; explicitFileType = wrapper.cfbundle; includeInIndex = 0; path = TasawaqTests.xctest; sourceTree = BUILT_PRODUCTS_DIR; };
		389076502B14C56C00204768 /* TasawaqTests.swift */ = {isa = PBXFileReference; lastKnownFileType = sourcecode.swift; path = TasawaqTests.swift; sourceTree = "<group>"; };
		389076562B14C56D00204768 /* TasawaqUITests.xctest */ = {isa = PBXFileReference; explicitFileType = wrapper.cfbundle; includeInIndex = 0; path = TasawaqUITests.xctest; sourceTree = BUILT_PRODUCTS_DIR; };
		3890765A2B14C56D00204768 /* TasawaqUITests.swift */ = {isa = PBXFileReference; lastKnownFileType = sourcecode.swift; path = TasawaqUITests.swift; sourceTree = "<group>"; };
		3890765C2B14C56D00204768 /* TasawaqUITestsLaunchTests.swift */ = {isa = PBXFileReference; lastKnownFileType = sourcecode.swift; path = TasawaqUITestsLaunchTests.swift; sourceTree = "<group>"; };
		3890766F2B14C75E00204768 /* SignInViewController.swift */ = {isa = PBXFileReference; indentWidth = 2; lastKnownFileType = sourcecode.swift; path = SignInViewController.swift; sourceTree = "<group>"; tabWidth = 2; };
		389076702B14C75E00204768 /* SignInViewController.xib */ = {isa = PBXFileReference; lastKnownFileType = file.xib; path = SignInViewController.xib; sourceTree = "<group>"; };
		389D21992B2773080024ED28 /* BrandProductsViewController.swift */ = {isa = PBXFileReference; indentWidth = 2; lastKnownFileType = sourcecode.swift; path = BrandProductsViewController.swift; sourceTree = "<group>"; tabWidth = 2; };
		389D219A2B2773080024ED28 /* BrandProductsViewController.xib */ = {isa = PBXFileReference; lastKnownFileType = file.xib; path = BrandProductsViewController.xib; sourceTree = "<group>"; };
		389EB8BB2B1D15870044450B /* CartViewController.swift */ = {isa = PBXFileReference; indentWidth = 2; lastKnownFileType = sourcecode.swift; path = CartViewController.swift; sourceTree = "<group>"; tabWidth = 2; };
		389EB8BC2B1D15870044450B /* CartViewController.xib */ = {isa = PBXFileReference; lastKnownFileType = file.xib; path = CartViewController.xib; sourceTree = "<group>"; };
		389EB8C02B1D16040044450B /* CartTableViewCell.swift */ = {isa = PBXFileReference; indentWidth = 2; lastKnownFileType = sourcecode.swift; path = CartTableViewCell.swift; sourceTree = "<group>"; tabWidth = 2; };
		389EB8C12B1D16040044450B /* CartTableViewCell.xib */ = {isa = PBXFileReference; lastKnownFileType = file.xib; path = CartTableViewCell.xib; sourceTree = "<group>"; };
		389EB8CB2B1D54DE0044450B /* CustomTabBarViewController.swift */ = {isa = PBXFileReference; indentWidth = 2; lastKnownFileType = sourcecode.swift; path = CustomTabBarViewController.swift; sourceTree = "<group>"; tabWidth = 2; };
		389F03AC2B29E9E2005EFFB9 /* SettingsViewController.swift */ = {isa = PBXFileReference; indentWidth = 2; lastKnownFileType = sourcecode.swift; path = SettingsViewController.swift; sourceTree = "<group>"; tabWidth = 2; };
		389F03AD2B29E9E2005EFFB9 /* SettingsViewController.xib */ = {isa = PBXFileReference; lastKnownFileType = file.xib; path = SettingsViewController.xib; sourceTree = "<group>"; };
		38A49E032B16C35E0003709E /* DetailedProductCollectionViewCell.swift */ = {isa = PBXFileReference; indentWidth = 2; lastKnownFileType = sourcecode.swift; path = DetailedProductCollectionViewCell.swift; sourceTree = "<group>"; tabWidth = 2; };
		38A49E042B16C35E0003709E /* DetailedProductCollectionViewCell.xib */ = {isa = PBXFileReference; lastKnownFileType = file.xib; path = DetailedProductCollectionViewCell.xib; sourceTree = "<group>"; };
		38B1841B2B3502FD000158DD /* HomeRepository.swift */ = {isa = PBXFileReference; lastKnownFileType = sourcecode.swift; path = HomeRepository.swift; sourceTree = "<group>"; };
		38BAB5AB2B3B6845000EAFBF /* ProductDetailsViewModel.swift */ = {isa = PBXFileReference; lastKnownFileType = sourcecode.swift; path = ProductDetailsViewModel.swift; sourceTree = "<group>"; };
		38BC22382B1F7B6B00461CA2 /* OrderDetailsViewController.swift */ = {isa = PBXFileReference; indentWidth = 2; lastKnownFileType = sourcecode.swift; path = OrderDetailsViewController.swift; sourceTree = "<group>"; tabWidth = 2; };
		38BC22392B1F7B6B00461CA2 /* OrderDetailsViewController.xib */ = {isa = PBXFileReference; lastKnownFileType = file.xib; path = OrderDetailsViewController.xib; sourceTree = "<group>"; };
		38C64BA62B1540B300873D8E /* SignUpViewController.swift */ = {isa = PBXFileReference; indentWidth = 2; lastKnownFileType = sourcecode.swift; path = SignUpViewController.swift; sourceTree = "<group>"; tabWidth = 2; };
		38C64BA72B1540B300873D8E /* SignUpViewController.xib */ = {isa = PBXFileReference; lastKnownFileType = file.xib; path = SignUpViewController.xib; sourceTree = "<group>"; };
		38C64BAB2B1543C400873D8E /* UITextField.swift */ = {isa = PBXFileReference; indentWidth = 2; lastKnownFileType = sourcecode.swift; path = UITextField.swift; sourceTree = "<group>"; tabWidth = 2; };
		38D06D9D2B28A7B600786C8D /* ProductDetailsViewController.swift */ = {isa = PBXFileReference; indentWidth = 2; lastKnownFileType = sourcecode.swift; path = ProductDetailsViewController.swift; sourceTree = "<group>"; tabWidth = 2; };
		38D9FB172B2A065D00430D0A /* OffersCollectionViewCell.swift */ = {isa = PBXFileReference; indentWidth = 2; lastKnownFileType = sourcecode.swift; path = OffersCollectionViewCell.swift; sourceTree = "<group>"; tabWidth = 2; };
		38D9FB182B2A065D00430D0A /* OffersCollectionViewCell.xib */ = {isa = PBXFileReference; lastKnownFileType = file.xib; path = OffersCollectionViewCell.xib; sourceTree = "<group>"; };
		38EC006C2B22672F0076B730 /* LocationViewModel.swift */ = {isa = PBXFileReference; lastKnownFileType = sourcecode.swift; path = LocationViewModel.swift; sourceTree = "<group>"; };
		3D66D9A12B1E5CEA00F84AC5 /* HomeViewController.swift */ = {isa = PBXFileReference; indentWidth = 2; lastKnownFileType = sourcecode.swift; path = HomeViewController.swift; sourceTree = "<group>"; tabWidth = 2; };
		3D66D9A22B1E5CEA00F84AC5 /* HomeViewController.xib */ = {isa = PBXFileReference; lastKnownFileType = file.xib; path = HomeViewController.xib; sourceTree = "<group>"; };
		3D66D9A82B1E6C2500F84AC5 /* BrandsCollectionViewCell.swift */ = {isa = PBXFileReference; lastKnownFileType = sourcecode.swift; path = BrandsCollectionViewCell.swift; sourceTree = "<group>"; };
		3D66D9A92B1E6C2500F84AC5 /* BrandsCollectionViewCell.xib */ = {isa = PBXFileReference; lastKnownFileType = file.xib; path = BrandsCollectionViewCell.xib; sourceTree = "<group>"; };
		412A9EBA5965B86D1566F2A4 /* Pods-Tasawaq-TasawaqUITests.release.xcconfig */ = {isa = PBXFileReference; includeInIndex = 1; lastKnownFileType = text.xcconfig; name = "Pods-Tasawaq-TasawaqUITests.release.xcconfig"; path = "Target Support Files/Pods-Tasawaq-TasawaqUITests/Pods-Tasawaq-TasawaqUITests.release.xcconfig"; sourceTree = "<group>"; };
		500BCC1E38E1C9BC8C20CBC7 /* Pods-TasawaqTests.release.xcconfig */ = {isa = PBXFileReference; includeInIndex = 1; lastKnownFileType = text.xcconfig; name = "Pods-TasawaqTests.release.xcconfig"; path = "Target Support Files/Pods-TasawaqTests/Pods-TasawaqTests.release.xcconfig"; sourceTree = "<group>"; };
		92DEECFD6F2E9B6EBCBA0ABD /* Pods_Tasawaq.framework */ = {isa = PBXFileReference; explicitFileType = wrapper.framework; includeInIndex = 0; path = Pods_Tasawaq.framework; sourceTree = BUILT_PRODUCTS_DIR; };
		9B965FA336B7FC4510BC7FD2 /* Pods-Tasawaq-TasawaqUITests.debug.xcconfig */ = {isa = PBXFileReference; includeInIndex = 1; lastKnownFileType = text.xcconfig; name = "Pods-Tasawaq-TasawaqUITests.debug.xcconfig"; path = "Target Support Files/Pods-Tasawaq-TasawaqUITests/Pods-Tasawaq-TasawaqUITests.debug.xcconfig"; sourceTree = "<group>"; };
		B14EF973D48CE89784850CBF /* Pods-Tasawaq.debug.xcconfig */ = {isa = PBXFileReference; includeInIndex = 1; lastKnownFileType = text.xcconfig; name = "Pods-Tasawaq.debug.xcconfig"; path = "Target Support Files/Pods-Tasawaq/Pods-Tasawaq.debug.xcconfig"; sourceTree = "<group>"; };
		B28F06FD4A8252153B21962A /* Pods_TasawaqTests.framework */ = {isa = PBXFileReference; explicitFileType = wrapper.framework; includeInIndex = 0; path = Pods_TasawaqTests.framework; sourceTree = BUILT_PRODUCTS_DIR; };
		E265564B6A69D35A4D66CC9B /* Pods-Tasawaq.release.xcconfig */ = {isa = PBXFileReference; includeInIndex = 1; lastKnownFileType = text.xcconfig; name = "Pods-Tasawaq.release.xcconfig"; path = "Target Support Files/Pods-Tasawaq/Pods-Tasawaq.release.xcconfig"; sourceTree = "<group>"; };
/* End PBXFileReference section */

/* Begin PBXFrameworksBuildPhase section */
		389076332B14C55A00204768 /* Frameworks */ = {
			isa = PBXFrameworksBuildPhase;
			buildActionMask = 2147483647;
			files = (
				E4806826FE4B0A8609D1063F /* Pods_Tasawaq.framework in Frameworks */,
			);
			runOnlyForDeploymentPostprocessing = 0;
		};
		389076492B14C56C00204768 /* Frameworks */ = {
			isa = PBXFrameworksBuildPhase;
			buildActionMask = 2147483647;
			files = (
				7743D996347BC440528B147E /* Pods_TasawaqTests.framework in Frameworks */,
			);
			runOnlyForDeploymentPostprocessing = 0;
		};
		389076532B14C56D00204768 /* Frameworks */ = {
			isa = PBXFrameworksBuildPhase;
			buildActionMask = 2147483647;
			files = (
				F673273F0F4CDA1F8BFF5BB4 /* Pods_Tasawaq_TasawaqUITests.framework in Frameworks */,
			);
			runOnlyForDeploymentPostprocessing = 0;
		};
/* End PBXFrameworksBuildPhase section */

/* Begin PBXGroup section */
		385131022B28EA03000BDE4E /* ReviewsTableViewCell */ = {
			isa = PBXGroup;
			children = (
				385131032B28EA21000BDE4E /* ReviewsTableViewCell.swift */,
				385131042B28EA21000BDE4E /* ReviewsTableViewCell.xib */,
			);
			path = ReviewsTableViewCell;
			sourceTree = "<group>";
		};
		3876E4BC2B1F523D00E9A4D3 /* WishList */ = {
			isa = PBXGroup;
			children = (
				3876E4C22B1F526F00E9A4D3 /* WishListViewModel */,
				3876E4C82B1F53E400E9A4D3 /* WishListView */,
			);
			path = WishList;
			sourceTree = "<group>";
		};
		3876E4C22B1F526F00E9A4D3 /* WishListViewModel */ = {
			isa = PBXGroup;
			children = (
			);
			path = WishListViewModel;
			sourceTree = "<group>";
		};
		3876E4C82B1F53E400E9A4D3 /* WishListView */ = {
			isa = PBXGroup;
			children = (
				3876E4C92B1F53FD00E9A4D3 /* WishListViewController.swift */,
				3876E4CA2B1F53FD00E9A4D3 /* WishListViewController.xib */,
			);
			path = WishListView;
			sourceTree = "<group>";
		};
		3876E4CD2B1F57DA00E9A4D3 /* User */ = {
			isa = PBXGroup;
			children = (
				3876E4CF2B1F57F700E9A4D3 /* UserViewModel */,
				3876E4CE2B1F57E300E9A4D3 /* UserView */,
			);
			path = User;
			sourceTree = "<group>";
		};
		3876E4CE2B1F57E300E9A4D3 /* UserView */ = {
			isa = PBXGroup;
			children = (
				3876E4D02B1F581900E9A4D3 /* UserViewController.swift */,
				3876E4D12B1F581900E9A4D3 /* UserViewController.xib */,
				3876E4DE2B1F6D0A00E9A4D3 /* UserOrdersCollectionViewCell */,
			);
			path = UserView;
			sourceTree = "<group>";
		};
		3876E4CF2B1F57F700E9A4D3 /* UserViewModel */ = {
			isa = PBXGroup;
			children = (
			);
			path = UserViewModel;
			sourceTree = "<group>";
		};
		3876E4DE2B1F6D0A00E9A4D3 /* UserOrdersCollectionViewCell */ = {
			isa = PBXGroup;
			children = (
				3876E4DA2B1F6AB200E9A4D3 /* UserOrdersTableViewCell.swift */,
				3876E4DB2B1F6AB200E9A4D3 /* UserOrdersTableViewCell.xib */,
			);
			path = UserOrdersCollectionViewCell;
			sourceTree = "<group>";
		};
		3876E4DF2B1F73CF00E9A4D3 /* OrderDetails */ = {
			isa = PBXGroup;
			children = (
				3876E4E02B1F73EC00E9A4D3 /* OrderDetailsViewModel */,
				38BC22372B1F7B4300461CA2 /* OrderDetailsView */,
			);
			path = OrderDetails;
			sourceTree = "<group>";
		};
		3876E4E02B1F73EC00E9A4D3 /* OrderDetailsViewModel */ = {
			isa = PBXGroup;
			children = (
			);
			path = OrderDetailsViewModel;
			sourceTree = "<group>";
		};
		3877775F2B30FAF800DCDA05 /* CartModel */ = {
			isa = PBXGroup;
			children = (
				387777602B30FB4D00DCDA05 /* CartModel.swift */,
			);
			path = CartModel;
			sourceTree = "<group>";
		};
		387777622B31057500DCDA05 /* AddressModel */ = {
			isa = PBXGroup;
			children = (
				387777632B31058700DCDA05 /* AddressModel.swift */,
			);
			path = AddressModel;
			sourceTree = "<group>";
		};
		387AD76A2B3C57B70099E394 /* ColorSizeCollectionViewCell */ = {
			isa = PBXGroup;
			children = (
				387AD7662B3C57AA0099E394 /* ColorSizeCollectionViewCell.swift */,
				387AD7672B3C57AA0099E394 /* ColorSizeCollectionViewCell.xib */,
			);
			path = ColorSizeCollectionViewCell;
			sourceTree = "<group>";
		};
		388130412B309CB500C14FF0 /* Application */ = {
			isa = PBXGroup;
			children = (
				3890763B2B14C55A00204768 /* SceneDelegate.swift */,
				389076392B14C55A00204768 /* AppDelegate.swift */,
			);
			path = Application;
			sourceTree = "<group>";
		};
		388130422B30BA6400C14FF0 /* HomeModel */ = {
			isa = PBXGroup;
			children = (
				388130432B30BAA600C14FF0 /* HomeModel.swift */,
			);
			path = HomeModel;
			sourceTree = "<group>";
		};
		388130452B30C40B00C14FF0 /* CategoriesModel */ = {
			isa = PBXGroup;
			children = (
				388130462B30C42100C14FF0 /* CategoriesModel.swift */,
			);
			path = CategoriesModel;
			sourceTree = "<group>";
		};
		3882E5F72B20B5820065DFF7 /* PaymentMethods */ = {
			isa = PBXGroup;
			children = (
				3882E5F92B20B5A50065DFF7 /* PaymentMethodsViewModel */,
				3882E5F82B20B5910065DFF7 /* PaymentMethodsView */,
			);
			path = PaymentMethods;
			sourceTree = "<group>";
		};
		3882E5F82B20B5910065DFF7 /* PaymentMethodsView */ = {
			isa = PBXGroup;
			children = (
				3882E5FA2B20B5CC0065DFF7 /* PaymentMethodsViewController.swift */,
				3882E5FB2B20B5CC0065DFF7 /* PaymentMethodsViewController.xib */,
			);
			path = PaymentMethodsView;
			sourceTree = "<group>";
		};
		3882E5F92B20B5A50065DFF7 /* PaymentMethodsViewModel */ = {
			isa = PBXGroup;
			children = (
			);
			path = PaymentMethodsViewModel;
			sourceTree = "<group>";
		};
		388870862B339F7200F352F9 /* NetworkService */ = {
			isa = PBXGroup;
			children = (
				388870872B33A0AE00F352F9 /* NetworkService.swift */,
				38850DB32B347490001E1D6E /* Constants.swift */,
			);
			path = NetworkService;
			sourceTree = "<group>";
		};
		3889CD802B1FCC630018CC48 /* OrderListTableViewCell */ = {
			isa = PBXGroup;
			children = (
				3889CD822B1FCCB60018CC48 /* OrderListTableViewCell.swift */,
				3889CD832B1FCCB60018CC48 /* OrderListTableViewCell.xib */,
			);
			path = OrderListTableViewCell;
			sourceTree = "<group>";
		};
		3889CD812B1FCC8C0018CC48 /* ShippingAddressTableViewCell */ = {
			isa = PBXGroup;
			children = (
				3889CD862B1FCCD20018CC48 /* ShippingAddressTableViewCell.swift */,
				3889CD872B1FCCD20018CC48 /* ShippingAddressTableViewCell.xib */,
			);
			path = ShippingAddressTableViewCell;
			sourceTree = "<group>";
		};
		3889D9DB2B32539E00CB0E72 /* CustomerModel */ = {
			isa = PBXGroup;
			children = (
				3889D9DC2B3253BA00CB0E72 /* CustomerModel.swift */,
			);
			path = CustomerModel;
			sourceTree = "<group>";
		};
		3889D9DE2B3253C300CB0E72 /* OrderModel */ = {
			isa = PBXGroup;
			children = (
				3889D9DF2B3253D700CB0E72 /* OrderModel.swift */,
			);
			path = OrderModel;
			sourceTree = "<group>";
		};
		388CCB3A2B212A81001BDAE3 /* Location */ = {
			isa = PBXGroup;
			children = (
				388CCB3B2B212A93001BDAE3 /* LocationViewModel */,
				388CCB3C2B212AA1001BDAE3 /* LocationView */,
			);
			path = Location;
			sourceTree = "<group>";
		};
		388CCB3B2B212A93001BDAE3 /* LocationViewModel */ = {
			isa = PBXGroup;
			children = (
				38EC006C2B22672F0076B730 /* LocationViewModel.swift */,
			);
			path = LocationViewModel;
			sourceTree = "<group>";
		};
		388CCB3C2B212AA1001BDAE3 /* LocationView */ = {
			isa = PBXGroup;
			children = (
				388CCB3D2B212AC2001BDAE3 /* LocationViewController.swift */,
				388CCB3E2B212AC2001BDAE3 /* LocationViewController.xib */,
			);
			path = LocationView;
			sourceTree = "<group>";
		};
		388DC77E2B237E3D00C6FB8C /* Addresses */ = {
			isa = PBXGroup;
			children = (
				388DC7802B237E6700C6FB8C /* AddressesViewModel */,
				388DC77F2B237E5E00C6FB8C /* AddressesView */,
			);
			path = Addresses;
			sourceTree = "<group>";
		};
		388DC77F2B237E5E00C6FB8C /* AddressesView */ = {
			isa = PBXGroup;
			children = (
				388DC7812B237E9600C6FB8C /* AddressesViewController.swift */,
				388DC7822B237E9600C6FB8C /* AddressesViewController.xib */,
				388DC7852B23818900C6FB8C /* AddressesTableViewCell */,
			);
			path = AddressesView;
			sourceTree = "<group>";
		};
		388DC7802B237E6700C6FB8C /* AddressesViewModel */ = {
			isa = PBXGroup;
			children = (
			);
			path = AddressesViewModel;
			sourceTree = "<group>";
		};
		388DC7852B23818900C6FB8C /* AddressesTableViewCell */ = {
			isa = PBXGroup;
			children = (
				388DC7862B2381AF00C6FB8C /* AddressesTableViewCell.swift */,
				388DC7872B2381AF00C6FB8C /* AddressesTableViewCell.xib */,
			);
			path = AddressesTableViewCell;
			sourceTree = "<group>";
		};
		388DC7922B23B1B600C6FB8C /* AddressConfirmation */ = {
			isa = PBXGroup;
			children = (
				388DC7942B23B1CB00C6FB8C /* AddressConfirmationViewModel */,
				388DC7932B23B1C100C6FB8C /* AdressConfirmationView */,
			);
			path = AddressConfirmation;
			sourceTree = "<group>";
		};
		388DC7932B23B1C100C6FB8C /* AdressConfirmationView */ = {
			isa = PBXGroup;
			children = (
				388DC79E2B23CEAE00C6FB8C /* AddressConfirmationViewController.swift */,
				388DC79F2B23CEAE00C6FB8C /* AddressConfirmationViewController.xib */,
			);
			path = AdressConfirmationView;
			sourceTree = "<group>";
		};
		388DC7942B23B1CB00C6FB8C /* AddressConfirmationViewModel */ = {
			isa = PBXGroup;
			children = (
			);
			path = AddressConfirmationViewModel;
			sourceTree = "<group>";
		};
		388FBA052B167FD000247DCB /* Categories */ = {
			isa = PBXGroup;
			children = (
				388FBA062B167FD900247DCB /* CategoriesViewModel */,
				388FBA072B167FE200247DCB /* CategoriesView */,
			);
			path = Categories;
			sourceTree = "<group>";
		};
		388FBA062B167FD900247DCB /* CategoriesViewModel */ = {
			isa = PBXGroup;
			children = (
				388860982B38C9900037B637 /* CategoriesViewModel.swift */,
			);
			path = CategoriesViewModel;
			sourceTree = "<group>";
		};
		388FBA072B167FE200247DCB /* CategoriesView */ = {
			isa = PBXGroup;
			children = (
				388FBA092B16808700247DCB /* CategoriesViewController.swift */,
				388FBA0A2B16808700247DCB /* CategoriesViewController.xib */,
				38A49E022B16C30D0003709E /* DetailedProductCollectionViewCell */,
			);
			path = CategoriesView;
			sourceTree = "<group>";
		};
		3890762D2B14C55900204768 = {
			isa = PBXGroup;
			children = (
				389076382B14C55A00204768 /* Tasawaq */,
				3890764F2B14C56C00204768 /* TasawaqTests */,
				389076592B14C56D00204768 /* TasawaqUITests */,
				389076372B14C55A00204768 /* Products */,
				DB3F55647E1D0CFA7F2C0717 /* Pods */,
				44F97BD6959F1E29DE6C1326 /* Frameworks */,
			);
			sourceTree = "<group>";
		};
		389076372B14C55A00204768 /* Products */ = {
			isa = PBXGroup;
			children = (
				389076362B14C55A00204768 /* Tasawaq.app */,
				3890764C2B14C56C00204768 /* TasawaqTests.xctest */,
				389076562B14C56D00204768 /* TasawaqUITests.xctest */,
			);
			name = Products;
			sourceTree = "<group>";
		};
		389076382B14C55A00204768 /* Tasawaq */ = {
			isa = PBXGroup;
			children = (
				388130412B309CB500C14FF0 /* Application */,
				3890766E2B14C63B00204768 /* Resources */,
				389076692B14C5AD00204768 /* Data */,
				3890766B2B14C5D800204768 /* Domain */,
				3890766D2B14C5F800204768 /* Presentation */,
				38C64BAA2B1543A000873D8E /* Extension */,
			);
			path = Tasawaq;
			sourceTree = "<group>";
		};
		3890764F2B14C56C00204768 /* TasawaqTests */ = {
			isa = PBXGroup;
			children = (
				389076502B14C56C00204768 /* TasawaqTests.swift */,
			);
			path = TasawaqTests;
			sourceTree = "<group>";
		};
		389076592B14C56D00204768 /* TasawaqUITests */ = {
			isa = PBXGroup;
			children = (
				3890765A2B14C56D00204768 /* TasawaqUITests.swift */,
				3890765C2B14C56D00204768 /* TasawaqUITestsLaunchTests.swift */,
			);
			path = TasawaqUITests;
			sourceTree = "<group>";
		};
		389076692B14C5AD00204768 /* Data */ = {
			isa = PBXGroup;
			children = (
				3890766C2B14C5EB00204768 /* Models */,
			);
			path = Data;
			sourceTree = "<group>";
		};
		3890766A2B14C5BD00204768 /* Repository */ = {
			isa = PBXGroup;
			children = (
				38B1841B2B3502FD000158DD /* HomeRepository.swift */,
				388C0C1D2B35FE2000DF38D9 /* BrandProductRepository.swift */,
				3888609A2B38C9AA0037B637 /* CategoriesRepository.swift */,
			);
			path = Repository;
			sourceTree = "<group>";
		};
		3890766B2B14C5D800204768 /* Domain */ = {
			isa = PBXGroup;
			children = (
				388870862B339F7200F352F9 /* NetworkService */,
				3890766A2B14C5BD00204768 /* Repository */,
			);
			path = Domain;
			sourceTree = "<group>";
		};
		3890766C2B14C5EB00204768 /* Models */ = {
			isa = PBXGroup;
			children = (
				3889D9DE2B3253C300CB0E72 /* OrderModel */,
				3889D9DB2B32539E00CB0E72 /* CustomerModel */,
				387777622B31057500DCDA05 /* AddressModel */,
				3877775F2B30FAF800DCDA05 /* CartModel */,
				388130452B30C40B00C14FF0 /* CategoriesModel */,
				388130422B30BA6400C14FF0 /* HomeModel */,
			);
			path = Models;
			sourceTree = "<group>";
		};
		3890766D2B14C5F800204768 /* Presentation */ = {
			isa = PBXGroup;
			children = (
				389F03A92B29E9B5005EFFB9 /* Settings */,
				38D06D922B28A72C00786C8D /* ProductDetails */,
				389D21962B2772CD0024ED28 /* BrandProducts */,
				388DC7922B23B1B600C6FB8C /* AddressConfirmation */,
				388DC77E2B237E3D00C6FB8C /* Addresses */,
				388CCB3A2B212A81001BDAE3 /* Location */,
				3882E5F72B20B5820065DFF7 /* PaymentMethods */,
				3876E4DF2B1F73CF00E9A4D3 /* OrderDetails */,
				3876E4CD2B1F57DA00E9A4D3 /* User */,
				3876E4BC2B1F523D00E9A4D3 /* WishList */,
				389EB8C42B1D51200044450B /* CustomTabBar */,
				3D66D99E2B1E5BC900F84AC5 /* Home */,
				389EB8B82B1D15530044450B /* Cart */,
				388FBA052B167FD000247DCB /* Categories */,
				38C64BA32B15404E00873D8E /* SignUp */,
				389076732B14C8BF00204768 /* SignIn */,
			);
			path = Presentation;
			sourceTree = "<group>";
		};
		3890766E2B14C63B00204768 /* Resources */ = {
			isa = PBXGroup;
			children = (
				389076422B14C56A00204768 /* Assets.xcassets */,
				389076442B14C56A00204768 /* LaunchScreen.storyboard */,
				389076472B14C56A00204768 /* Info.plist */,
			);
			path = Resources;
			sourceTree = "<group>";
		};
		389076732B14C8BF00204768 /* SignIn */ = {
			isa = PBXGroup;
			children = (
				389076742B14C8CE00204768 /* SignInViewModel */,
				389076752B14C8DA00204768 /* SignInView */,
			);
			path = SignIn;
			sourceTree = "<group>";
		};
		389076742B14C8CE00204768 /* SignInViewModel */ = {
			isa = PBXGroup;
			children = (
			);
			path = SignInViewModel;
			sourceTree = "<group>";
		};
		389076752B14C8DA00204768 /* SignInView */ = {
			isa = PBXGroup;
			children = (
				3890766F2B14C75E00204768 /* SignInViewController.swift */,
				389076702B14C75E00204768 /* SignInViewController.xib */,
			);
			path = SignInView;
			sourceTree = "<group>";
		};
		389D21962B2772CD0024ED28 /* BrandProducts */ = {
			isa = PBXGroup;
			children = (
				389D21982B2772E20024ED28 /* BrandProductsViewModel */,
				389D21972B2772D70024ED28 /* BrandProductsView */,
			);
			path = BrandProducts;
			sourceTree = "<group>";
		};
		389D21972B2772D70024ED28 /* BrandProductsView */ = {
			isa = PBXGroup;
			children = (
				389D21992B2773080024ED28 /* BrandProductsViewController.swift */,
				389D219A2B2773080024ED28 /* BrandProductsViewController.xib */,
			);
			path = BrandProductsView;
			sourceTree = "<group>";
		};
		389D21982B2772E20024ED28 /* BrandProductsViewModel */ = {
			isa = PBXGroup;
			children = (
				388C0C1F2B36025D00DF38D9 /* BrandProductsViewModel.swift */,
			);
			path = BrandProductsViewModel;
			sourceTree = "<group>";
		};
		389EB8B82B1D15530044450B /* Cart */ = {
			isa = PBXGroup;
			children = (
				389EB8B92B1D155A0044450B /* CartViewModel */,
				389EB8BA2B1D15620044450B /* CartView */,
			);
			path = Cart;
			sourceTree = "<group>";
		};
		389EB8B92B1D155A0044450B /* CartViewModel */ = {
			isa = PBXGroup;
			children = (
			);
			path = CartViewModel;
			sourceTree = "<group>";
		};
		389EB8BA2B1D15620044450B /* CartView */ = {
			isa = PBXGroup;
			children = (
				389EB8BB2B1D15870044450B /* CartViewController.swift */,
				389EB8BC2B1D15870044450B /* CartViewController.xib */,
				389EB8BF2B1D158C0044450B /* CartTableViewCell */,
			);
			path = CartView;
			sourceTree = "<group>";
		};
		389EB8BF2B1D158C0044450B /* CartTableViewCell */ = {
			isa = PBXGroup;
			children = (
				389EB8C02B1D16040044450B /* CartTableViewCell.swift */,
				389EB8C12B1D16040044450B /* CartTableViewCell.xib */,
			);
			path = CartTableViewCell;
			sourceTree = "<group>";
		};
		389EB8C42B1D51200044450B /* CustomTabBar */ = {
			isa = PBXGroup;
			children = (
				389EB8CB2B1D54DE0044450B /* CustomTabBarViewController.swift */,
			);
			path = CustomTabBar;
			sourceTree = "<group>";
		};
		389F03A92B29E9B5005EFFB9 /* Settings */ = {
			isa = PBXGroup;
			children = (
				389F03AB2B29E9C5005EFFB9 /* SettingsViewModel */,
				389F03AA2B29E9BC005EFFB9 /* SettingsView */,
			);
			path = Settings;
			sourceTree = "<group>";
		};
		389F03AA2B29E9BC005EFFB9 /* SettingsView */ = {
			isa = PBXGroup;
			children = (
				389F03AC2B29E9E2005EFFB9 /* SettingsViewController.swift */,
				389F03AD2B29E9E2005EFFB9 /* SettingsViewController.xib */,
			);
			path = SettingsView;
			sourceTree = "<group>";
		};
		389F03AB2B29E9C5005EFFB9 /* SettingsViewModel */ = {
			isa = PBXGroup;
			children = (
			);
			path = SettingsViewModel;
			sourceTree = "<group>";
		};
		38A49E022B16C30D0003709E /* DetailedProductCollectionViewCell */ = {
			isa = PBXGroup;
			children = (
				38A49E032B16C35E0003709E /* DetailedProductCollectionViewCell.swift */,
				38A49E042B16C35E0003709E /* DetailedProductCollectionViewCell.xib */,
			);
			path = DetailedProductCollectionViewCell;
			sourceTree = "<group>";
		};
		38BC22372B1F7B4300461CA2 /* OrderDetailsView */ = {
			isa = PBXGroup;
			children = (
				38BC22382B1F7B6B00461CA2 /* OrderDetailsViewController.swift */,
				38BC22392B1F7B6B00461CA2 /* OrderDetailsViewController.xib */,
				3889CD812B1FCC8C0018CC48 /* ShippingAddressTableViewCell */,
				3889CD802B1FCC630018CC48 /* OrderListTableViewCell */,
			);
			path = OrderDetailsView;
			sourceTree = "<group>";
		};
		38C64BA32B15404E00873D8E /* SignUp */ = {
			isa = PBXGroup;
			children = (
				38C64BA42B15405900873D8E /* SignUpViewModel */,
				38C64BA52B15406100873D8E /* SignUpView */,
			);
			path = SignUp;
			sourceTree = "<group>";
		};
		38C64BA42B15405900873D8E /* SignUpViewModel */ = {
			isa = PBXGroup;
			children = (
			);
			path = SignUpViewModel;
			sourceTree = "<group>";
		};
		38C64BA52B15406100873D8E /* SignUpView */ = {
			isa = PBXGroup;
			children = (
				38C64BA62B1540B300873D8E /* SignUpViewController.swift */,
				38C64BA72B1540B300873D8E /* SignUpViewController.xib */,
			);
			path = SignUpView;
			sourceTree = "<group>";
		};
		38C64BAA2B1543A000873D8E /* Extension */ = {
			isa = PBXGroup;
			children = (
				38C64BAB2B1543C400873D8E /* UITextField.swift */,
			);
			path = Extension;
			sourceTree = "<group>";
		};
		38D06D922B28A72C00786C8D /* ProductDetails */ = {
			isa = PBXGroup;
			children = (
				38D06D942B28A74100786C8D /* ProductDetailsViewModel */,
				38D06D932B28A73700786C8D /* ProductDetailsView */,
			);
			path = ProductDetails;
			sourceTree = "<group>";
		};
		38D06D932B28A73700786C8D /* ProductDetailsView */ = {
			isa = PBXGroup;
			children = (
				38D06D9D2B28A7B600786C8D /* ProductDetailsViewController.swift */,
				3872C0912B2926FA009DFB74 /* ProductDetailsViewController.xib */,
				385131022B28EA03000BDE4E /* ReviewsTableViewCell */,
				387AD76A2B3C57B70099E394 /* ColorSizeCollectionViewCell */,
			);
			path = ProductDetailsView;
			sourceTree = "<group>";
		};
		38D06D942B28A74100786C8D /* ProductDetailsViewModel */ = {
			isa = PBXGroup;
			children = (
				38BAB5AB2B3B6845000EAFBF /* ProductDetailsViewModel.swift */,
			);
			path = ProductDetailsViewModel;
			sourceTree = "<group>";
		};
		38D9FB162B2A061400430D0A /* OffersCollectionViewCell */ = {
			isa = PBXGroup;
			children = (
				38D9FB172B2A065D00430D0A /* OffersCollectionViewCell.swift */,
				38D9FB182B2A065D00430D0A /* OffersCollectionViewCell.xib */,
			);
			path = OffersCollectionViewCell;
			sourceTree = "<group>";
		};
		3D66D99E2B1E5BC900F84AC5 /* Home */ = {
			isa = PBXGroup;
			children = (
				3D66D99F2B1E5C5900F84AC5 /* HomeViewModel */,
				3D66D9A02B1E5C6500F84AC5 /* HomeView */,
			);
			path = Home;
			sourceTree = "<group>";
		};
		3D66D99F2B1E5C5900F84AC5 /* HomeViewModel */ = {
			isa = PBXGroup;
			children = (
				38850DB52B34A2F3001E1D6E /* HomeViewModel.swift */,
			);
			path = HomeViewModel;
			sourceTree = "<group>";
		};
		3D66D9A02B1E5C6500F84AC5 /* HomeView */ = {
			isa = PBXGroup;
			children = (
				3D66D9A12B1E5CEA00F84AC5 /* HomeViewController.swift */,
				3D66D9A22B1E5CEA00F84AC5 /* HomeViewController.xib */,
				3D66D9A52B1E5D8300F84AC5 /* BrandsCollectionViewCell */,
				38D9FB162B2A061400430D0A /* OffersCollectionViewCell */,
			);
			path = HomeView;
			sourceTree = "<group>";
		};
		3D66D9A52B1E5D8300F84AC5 /* BrandsCollectionViewCell */ = {
			isa = PBXGroup;
			children = (
				3D66D9A82B1E6C2500F84AC5 /* BrandsCollectionViewCell.swift */,
				3D66D9A92B1E6C2500F84AC5 /* BrandsCollectionViewCell.xib */,
			);
			path = BrandsCollectionViewCell;
			sourceTree = "<group>";
		};
		44F97BD6959F1E29DE6C1326 /* Frameworks */ = {
			isa = PBXGroup;
			children = (
				92DEECFD6F2E9B6EBCBA0ABD /* Pods_Tasawaq.framework */,
				0805E1C05E8F32854D5D2749 /* Pods_Tasawaq_TasawaqUITests.framework */,
				B28F06FD4A8252153B21962A /* Pods_TasawaqTests.framework */,
			);
			name = Frameworks;
			sourceTree = "<group>";
		};
		DB3F55647E1D0CFA7F2C0717 /* Pods */ = {
			isa = PBXGroup;
			children = (
				B14EF973D48CE89784850CBF /* Pods-Tasawaq.debug.xcconfig */,
				E265564B6A69D35A4D66CC9B /* Pods-Tasawaq.release.xcconfig */,
				9B965FA336B7FC4510BC7FD2 /* Pods-Tasawaq-TasawaqUITests.debug.xcconfig */,
				412A9EBA5965B86D1566F2A4 /* Pods-Tasawaq-TasawaqUITests.release.xcconfig */,
				1736ACCCC87FDDDDFE0B4B52 /* Pods-TasawaqTests.debug.xcconfig */,
				500BCC1E38E1C9BC8C20CBC7 /* Pods-TasawaqTests.release.xcconfig */,
			);
			path = Pods;
			sourceTree = "<group>";
		};
/* End PBXGroup section */

/* Begin PBXNativeTarget section */
		389076352B14C55A00204768 /* Tasawaq */ = {
			isa = PBXNativeTarget;
			buildConfigurationList = 389076602B14C56D00204768 /* Build configuration list for PBXNativeTarget "Tasawaq" */;
			buildPhases = (
				D43284B2574DF5C64E7A2441 /* [CP] Check Pods Manifest.lock */,
				389076322B14C55A00204768 /* Sources */,
				389076332B14C55A00204768 /* Frameworks */,
				389076342B14C55A00204768 /* Resources */,
				258ECE093003889E0CB15E7C /* [CP] Embed Pods Frameworks */,
			);
			buildRules = (
			);
			dependencies = (
			);
			name = Tasawaq;
			productName = Tasawaq;
			productReference = 389076362B14C55A00204768 /* Tasawaq.app */;
			productType = "com.apple.product-type.application";
		};
		3890764B2B14C56C00204768 /* TasawaqTests */ = {
			isa = PBXNativeTarget;
			buildConfigurationList = 389076632B14C56D00204768 /* Build configuration list for PBXNativeTarget "TasawaqTests" */;
			buildPhases = (
				3ECE79341386E0446F7E8638 /* [CP] Check Pods Manifest.lock */,
				389076482B14C56C00204768 /* Sources */,
				389076492B14C56C00204768 /* Frameworks */,
				3890764A2B14C56C00204768 /* Resources */,
			);
			buildRules = (
			);
			dependencies = (
				3890764E2B14C56C00204768 /* PBXTargetDependency */,
			);
			name = TasawaqTests;
			productName = TasawaqTests;
			productReference = 3890764C2B14C56C00204768 /* TasawaqTests.xctest */;
			productType = "com.apple.product-type.bundle.unit-test";
		};
		389076552B14C56D00204768 /* TasawaqUITests */ = {
			isa = PBXNativeTarget;
			buildConfigurationList = 389076662B14C56D00204768 /* Build configuration list for PBXNativeTarget "TasawaqUITests" */;
			buildPhases = (
				C9F08A83EE1A017BF37554A9 /* [CP] Check Pods Manifest.lock */,
				389076522B14C56D00204768 /* Sources */,
				389076532B14C56D00204768 /* Frameworks */,
				389076542B14C56D00204768 /* Resources */,
				7DA81D0CE9E7B79B4D6C796B /* [CP] Embed Pods Frameworks */,
			);
			buildRules = (
			);
			dependencies = (
				389076582B14C56D00204768 /* PBXTargetDependency */,
			);
			name = TasawaqUITests;
			productName = TasawaqUITests;
			productReference = 389076562B14C56D00204768 /* TasawaqUITests.xctest */;
			productType = "com.apple.product-type.bundle.ui-testing";
		};
/* End PBXNativeTarget section */

/* Begin PBXProject section */
		3890762E2B14C55900204768 /* Project object */ = {
			isa = PBXProject;
			attributes = {
				BuildIndependentTargetsInParallel = 1;
				LastSwiftUpdateCheck = 1430;
				LastUpgradeCheck = 1430;
				TargetAttributes = {
					389076352B14C55A00204768 = {
						CreatedOnToolsVersion = 14.3;
					};
					3890764B2B14C56C00204768 = {
						CreatedOnToolsVersion = 14.3;
						TestTargetID = 389076352B14C55A00204768;
					};
					389076552B14C56D00204768 = {
						CreatedOnToolsVersion = 14.3;
						TestTargetID = 389076352B14C55A00204768;
					};
				};
			};
			buildConfigurationList = 389076312B14C55900204768 /* Build configuration list for PBXProject "Tasawaq" */;
			compatibilityVersion = "Xcode 14.0";
			developmentRegion = en;
			hasScannedForEncodings = 0;
			knownRegions = (
				en,
				Base,
			);
			mainGroup = 3890762D2B14C55900204768;
			productRefGroup = 389076372B14C55A00204768 /* Products */;
			projectDirPath = "";
			projectRoot = "";
			targets = (
				389076352B14C55A00204768 /* Tasawaq */,
				3890764B2B14C56C00204768 /* TasawaqTests */,
				389076552B14C56D00204768 /* TasawaqUITests */,
			);
		};
/* End PBXProject section */

/* Begin PBXResourcesBuildPhase section */
		389076342B14C55A00204768 /* Resources */ = {
			isa = PBXResourcesBuildPhase;
			buildActionMask = 2147483647;
			files = (
				38BC87612B252CE2004B07CD /* OrderDetailsViewController.xib in Resources */,
				385131062B28EA21000BDE4E /* ReviewsTableViewCell.xib in Resources */,
				388DC7892B2381AF00C6FB8C /* AddressesTableViewCell.xib in Resources */,
				389D219C2B2773080024ED28 /* BrandProductsViewController.xib in Resources */,
				38EFF6AB2B261E1D00DE0D79 /* AddressesViewController.xib in Resources */,
				389076722B14C75E00204768 /* SignInViewController.xib in Resources */,
				3876E4DD2B1F6AB200E9A4D3 /* UserOrdersTableViewCell.xib in Resources */,
				3889CD892B1FCCD20018CC48 /* ShippingAddressTableViewCell.xib in Resources */,
				3876E4D32B1F581900E9A4D3 /* UserViewController.xib in Resources */,
				389F03AF2B29E9E2005EFFB9 /* SettingsViewController.xib in Resources */,
				3882E5FD2B20B5CC0065DFF7 /* PaymentMethodsViewController.xib in Resources */,
				3872C0932B2926FB009DFB74 /* ProductDetailsViewController.xib in Resources */,
				389076462B14C56A00204768 /* LaunchScreen.storyboard in Resources */,
				3889CD852B1FCCB60018CC48 /* OrderListTableViewCell.xib in Resources */,
				38A49E062B16C35E0003709E /* DetailedProductCollectionViewCell.xib in Resources */,
				38D9FB1A2B2A065D00430D0A /* OffersCollectionViewCell.xib in Resources */,
				389EB8C32B1D16040044450B /* CartTableViewCell.xib in Resources */,
				387AD7692B3C57AA0099E394 /* ColorSizeCollectionViewCell.xib in Resources */,
				3D66D9AB2B1E6C2500F84AC5 /* BrandsCollectionViewCell.xib in Resources */,
				388FBA0C2B16808700247DCB /* CategoriesViewController.xib in Resources */,
				38C64BA92B1540B300873D8E /* SignUpViewController.xib in Resources */,
				388CCB402B212AC2001BDAE3 /* LocationViewController.xib in Resources */,
				389EB8BE2B1D15870044450B /* CartViewController.xib in Resources */,
				389076432B14C56A00204768 /* Assets.xcassets in Resources */,
				3876E4CC2B1F53FD00E9A4D3 /* WishListViewController.xib in Resources */,
				388DC7A12B23CEAE00C6FB8C /* AddressConfirmationViewController.xib in Resources */,
				3D66D9A42B1E5CEA00F84AC5 /* HomeViewController.xib in Resources */,
			);
			runOnlyForDeploymentPostprocessing = 0;
		};
		3890764A2B14C56C00204768 /* Resources */ = {
			isa = PBXResourcesBuildPhase;
			buildActionMask = 2147483647;
			files = (
			);
			runOnlyForDeploymentPostprocessing = 0;
		};
		389076542B14C56D00204768 /* Resources */ = {
			isa = PBXResourcesBuildPhase;
			buildActionMask = 2147483647;
			files = (
			);
			runOnlyForDeploymentPostprocessing = 0;
		};
/* End PBXResourcesBuildPhase section */

/* Begin PBXShellScriptBuildPhase section */
		258ECE093003889E0CB15E7C /* [CP] Embed Pods Frameworks */ = {
			isa = PBXShellScriptBuildPhase;
			buildActionMask = 2147483647;
			files = (
			);
			inputFileListPaths = (
				"${PODS_ROOT}/Target Support Files/Pods-Tasawaq/Pods-Tasawaq-frameworks-${CONFIGURATION}-input-files.xcfilelist",
			);
			name = "[CP] Embed Pods Frameworks";
			outputFileListPaths = (
				"${PODS_ROOT}/Target Support Files/Pods-Tasawaq/Pods-Tasawaq-frameworks-${CONFIGURATION}-output-files.xcfilelist",
			);
			runOnlyForDeploymentPostprocessing = 0;
			shellPath = /bin/sh;
			shellScript = "\"${PODS_ROOT}/Target Support Files/Pods-Tasawaq/Pods-Tasawaq-frameworks.sh\"\n";
			showEnvVarsInLog = 0;
		};
		3ECE79341386E0446F7E8638 /* [CP] Check Pods Manifest.lock */ = {
			isa = PBXShellScriptBuildPhase;
			buildActionMask = 2147483647;
			files = (
			);
			inputFileListPaths = (
			);
			inputPaths = (
				"${PODS_PODFILE_DIR_PATH}/Podfile.lock",
				"${PODS_ROOT}/Manifest.lock",
			);
			name = "[CP] Check Pods Manifest.lock";
			outputFileListPaths = (
			);
			outputPaths = (
				"$(DERIVED_FILE_DIR)/Pods-TasawaqTests-checkManifestLockResult.txt",
			);
			runOnlyForDeploymentPostprocessing = 0;
			shellPath = /bin/sh;
			shellScript = "diff \"${PODS_PODFILE_DIR_PATH}/Podfile.lock\" \"${PODS_ROOT}/Manifest.lock\" > /dev/null\nif [ $? != 0 ] ; then\n    # print error to STDERR\n    echo \"error: The sandbox is not in sync with the Podfile.lock. Run 'pod install' or update your CocoaPods installation.\" >&2\n    exit 1\nfi\n# This output is used by Xcode 'outputs' to avoid re-running this script phase.\necho \"SUCCESS\" > \"${SCRIPT_OUTPUT_FILE_0}\"\n";
			showEnvVarsInLog = 0;
		};
		7DA81D0CE9E7B79B4D6C796B /* [CP] Embed Pods Frameworks */ = {
			isa = PBXShellScriptBuildPhase;
			buildActionMask = 2147483647;
			files = (
			);
			inputFileListPaths = (
				"${PODS_ROOT}/Target Support Files/Pods-Tasawaq-TasawaqUITests/Pods-Tasawaq-TasawaqUITests-frameworks-${CONFIGURATION}-input-files.xcfilelist",
			);
			name = "[CP] Embed Pods Frameworks";
			outputFileListPaths = (
				"${PODS_ROOT}/Target Support Files/Pods-Tasawaq-TasawaqUITests/Pods-Tasawaq-TasawaqUITests-frameworks-${CONFIGURATION}-output-files.xcfilelist",
			);
			runOnlyForDeploymentPostprocessing = 0;
			shellPath = /bin/sh;
			shellScript = "\"${PODS_ROOT}/Target Support Files/Pods-Tasawaq-TasawaqUITests/Pods-Tasawaq-TasawaqUITests-frameworks.sh\"\n";
			showEnvVarsInLog = 0;
		};
		C9F08A83EE1A017BF37554A9 /* [CP] Check Pods Manifest.lock */ = {
			isa = PBXShellScriptBuildPhase;
			buildActionMask = 2147483647;
			files = (
			);
			inputFileListPaths = (
			);
			inputPaths = (
				"${PODS_PODFILE_DIR_PATH}/Podfile.lock",
				"${PODS_ROOT}/Manifest.lock",
			);
			name = "[CP] Check Pods Manifest.lock";
			outputFileListPaths = (
			);
			outputPaths = (
				"$(DERIVED_FILE_DIR)/Pods-Tasawaq-TasawaqUITests-checkManifestLockResult.txt",
			);
			runOnlyForDeploymentPostprocessing = 0;
			shellPath = /bin/sh;
			shellScript = "diff \"${PODS_PODFILE_DIR_PATH}/Podfile.lock\" \"${PODS_ROOT}/Manifest.lock\" > /dev/null\nif [ $? != 0 ] ; then\n    # print error to STDERR\n    echo \"error: The sandbox is not in sync with the Podfile.lock. Run 'pod install' or update your CocoaPods installation.\" >&2\n    exit 1\nfi\n# This output is used by Xcode 'outputs' to avoid re-running this script phase.\necho \"SUCCESS\" > \"${SCRIPT_OUTPUT_FILE_0}\"\n";
			showEnvVarsInLog = 0;
		};
		D43284B2574DF5C64E7A2441 /* [CP] Check Pods Manifest.lock */ = {
			isa = PBXShellScriptBuildPhase;
			buildActionMask = 2147483647;
			files = (
			);
			inputFileListPaths = (
			);
			inputPaths = (
				"${PODS_PODFILE_DIR_PATH}/Podfile.lock",
				"${PODS_ROOT}/Manifest.lock",
			);
			name = "[CP] Check Pods Manifest.lock";
			outputFileListPaths = (
			);
			outputPaths = (
				"$(DERIVED_FILE_DIR)/Pods-Tasawaq-checkManifestLockResult.txt",
			);
			runOnlyForDeploymentPostprocessing = 0;
			shellPath = /bin/sh;
			shellScript = "diff \"${PODS_PODFILE_DIR_PATH}/Podfile.lock\" \"${PODS_ROOT}/Manifest.lock\" > /dev/null\nif [ $? != 0 ] ; then\n    # print error to STDERR\n    echo \"error: The sandbox is not in sync with the Podfile.lock. Run 'pod install' or update your CocoaPods installation.\" >&2\n    exit 1\nfi\n# This output is used by Xcode 'outputs' to avoid re-running this script phase.\necho \"SUCCESS\" > \"${SCRIPT_OUTPUT_FILE_0}\"\n";
			showEnvVarsInLog = 0;
		};
/* End PBXShellScriptBuildPhase section */

/* Begin PBXSourcesBuildPhase section */
		389076322B14C55A00204768 /* Sources */ = {
			isa = PBXSourcesBuildPhase;
			buildActionMask = 2147483647;
			files = (
				388C0C202B36025E00DF38D9 /* BrandProductsViewModel.swift in Sources */,
				38BC87602B252CD5004B07CD /* AddressesTableViewCell.swift in Sources */,
				38B1841C2B3502FD000158DD /* HomeRepository.swift in Sources */,
				388DC7A02B23CEAE00C6FB8C /* AddressConfirmationViewController.swift in Sources */,
				389076712B14C75E00204768 /* SignInViewController.swift in Sources */,
				38A49E052B16C35E0003709E /* DetailedProductCollectionViewCell.swift in Sources */,
				3876E4DC2B1F6AB200E9A4D3 /* UserOrdersTableViewCell.swift in Sources */,
				3889D9DD2B3253BA00CB0E72 /* CustomerModel.swift in Sources */,
				387777612B30FB4D00DCDA05 /* CartModel.swift in Sources */,
				388CCB3F2B212AC2001BDAE3 /* LocationViewController.swift in Sources */,
				38C64BAC2B1543C400873D8E /* UITextField.swift in Sources */,
				388130472B30C42100C14FF0 /* CategoriesModel.swift in Sources */,
				3D66D9AA2B1E6C2500F84AC5 /* BrandsCollectionViewCell.swift in Sources */,
				388130442B30BAA700C14FF0 /* HomeModel.swift in Sources */,
				387777642B31058700DCDA05 /* AddressModel.swift in Sources */,
				389EB8C22B1D16040044450B /* CartTableViewCell.swift in Sources */,
				38D06D9F2B28A7B600786C8D /* ProductDetailsViewController.swift in Sources */,
				3889CD882B1FCCD20018CC48 /* ShippingAddressTableViewCell.swift in Sources */,
				385131052B28EA21000BDE4E /* ReviewsTableViewCell.swift in Sources */,
				3889D9E02B3253D700CB0E72 /* OrderModel.swift in Sources */,
				388FBA0B2B16808700247DCB /* CategoriesViewController.swift in Sources */,
				38850DB62B34A2F3001E1D6E /* HomeViewModel.swift in Sources */,
				388DC7832B237E9600C6FB8C /* AddressesViewController.swift in Sources */,
				3D66D9A32B1E5CEA00F84AC5 /* HomeViewController.swift in Sources */,
				388C0C1E2B35FE2000DF38D9 /* BrandProductRepository.swift in Sources */,
				3888609B2B38C9AA0037B637 /* CategoriesRepository.swift in Sources */,
				38BC223A2B1F7B6B00461CA2 /* OrderDetailsViewController.swift in Sources */,
				388870882B33A0AE00F352F9 /* NetworkService.swift in Sources */,
				3889CD842B1FCCB60018CC48 /* OrderListTableViewCell.swift in Sources */,
				38D9FB192B2A065D00430D0A /* OffersCollectionViewCell.swift in Sources */,
				3876E4D22B1F581900E9A4D3 /* UserViewController.swift in Sources */,
				389EB8BD2B1D15870044450B /* CartViewController.swift in Sources */,
				389D219B2B2773080024ED28 /* BrandProductsViewController.swift in Sources */,
				38EC006D2B22672F0076B730 /* LocationViewModel.swift in Sources */,
				389EB8CC2B1D54DE0044450B /* CustomTabBarViewController.swift in Sources */,
				388860992B38C9900037B637 /* CategoriesViewModel.swift in Sources */,
				3882E5FC2B20B5CC0065DFF7 /* PaymentMethodsViewController.swift in Sources */,
				389F03AE2B29E9E2005EFFB9 /* SettingsViewController.swift in Sources */,
				3890763A2B14C55A00204768 /* AppDelegate.swift in Sources */,
				38BAB5AC2B3B6845000EAFBF /* ProductDetailsViewModel.swift in Sources */,
				38C64BA82B1540B300873D8E /* SignUpViewController.swift in Sources */,
				3876E4CB2B1F53FD00E9A4D3 /* WishListViewController.swift in Sources */,
				387AD7682B3C57AA0099E394 /* ColorSizeCollectionViewCell.swift in Sources */,
				38850DB42B347490001E1D6E /* Constants.swift in Sources */,
				3890763C2B14C55A00204768 /* SceneDelegate.swift in Sources */,
			);
			runOnlyForDeploymentPostprocessing = 0;
		};
		389076482B14C56C00204768 /* Sources */ = {
			isa = PBXSourcesBuildPhase;
			buildActionMask = 2147483647;
			files = (
				389076512B14C56C00204768 /* TasawaqTests.swift in Sources */,
			);
			runOnlyForDeploymentPostprocessing = 0;
		};
		389076522B14C56D00204768 /* Sources */ = {
			isa = PBXSourcesBuildPhase;
			buildActionMask = 2147483647;
			files = (
				3890765B2B14C56D00204768 /* TasawaqUITests.swift in Sources */,
				3890765D2B14C56D00204768 /* TasawaqUITestsLaunchTests.swift in Sources */,
			);
			runOnlyForDeploymentPostprocessing = 0;
		};
/* End PBXSourcesBuildPhase section */

/* Begin PBXTargetDependency section */
		3890764E2B14C56C00204768 /* PBXTargetDependency */ = {
			isa = PBXTargetDependency;
			target = 389076352B14C55A00204768 /* Tasawaq */;
			targetProxy = 3890764D2B14C56C00204768 /* PBXContainerItemProxy */;
		};
		389076582B14C56D00204768 /* PBXTargetDependency */ = {
			isa = PBXTargetDependency;
			target = 389076352B14C55A00204768 /* Tasawaq */;
			targetProxy = 389076572B14C56D00204768 /* PBXContainerItemProxy */;
		};
/* End PBXTargetDependency section */

/* Begin PBXVariantGroup section */
		389076442B14C56A00204768 /* LaunchScreen.storyboard */ = {
			isa = PBXVariantGroup;
			children = (
				389076452B14C56A00204768 /* Base */,
			);
			name = LaunchScreen.storyboard;
			sourceTree = "<group>";
		};
/* End PBXVariantGroup section */

/* Begin XCBuildConfiguration section */
		3890765E2B14C56D00204768 /* Debug */ = {
			isa = XCBuildConfiguration;
			buildSettings = {
				ALWAYS_SEARCH_USER_PATHS = NO;
				CLANG_ANALYZER_NONNULL = YES;
				CLANG_ANALYZER_NUMBER_OBJECT_CONVERSION = YES_AGGRESSIVE;
				CLANG_CXX_LANGUAGE_STANDARD = "gnu++20";
				CLANG_ENABLE_MODULES = YES;
				CLANG_ENABLE_OBJC_ARC = YES;
				CLANG_ENABLE_OBJC_WEAK = YES;
				CLANG_WARN_BLOCK_CAPTURE_AUTORELEASING = YES;
				CLANG_WARN_BOOL_CONVERSION = YES;
				CLANG_WARN_COMMA = YES;
				CLANG_WARN_CONSTANT_CONVERSION = YES;
				CLANG_WARN_DEPRECATED_OBJC_IMPLEMENTATIONS = YES;
				CLANG_WARN_DIRECT_OBJC_ISA_USAGE = YES_ERROR;
				CLANG_WARN_DOCUMENTATION_COMMENTS = YES;
				CLANG_WARN_EMPTY_BODY = YES;
				CLANG_WARN_ENUM_CONVERSION = YES;
				CLANG_WARN_INFINITE_RECURSION = YES;
				CLANG_WARN_INT_CONVERSION = YES;
				CLANG_WARN_NON_LITERAL_NULL_CONVERSION = YES;
				CLANG_WARN_OBJC_IMPLICIT_RETAIN_SELF = YES;
				CLANG_WARN_OBJC_LITERAL_CONVERSION = YES;
				CLANG_WARN_OBJC_ROOT_CLASS = YES_ERROR;
				CLANG_WARN_QUOTED_INCLUDE_IN_FRAMEWORK_HEADER = YES;
				CLANG_WARN_RANGE_LOOP_ANALYSIS = YES;
				CLANG_WARN_STRICT_PROTOTYPES = YES;
				CLANG_WARN_SUSPICIOUS_MOVE = YES;
				CLANG_WARN_UNGUARDED_AVAILABILITY = YES_AGGRESSIVE;
				CLANG_WARN_UNREACHABLE_CODE = YES;
				CLANG_WARN__DUPLICATE_METHOD_MATCH = YES;
				COPY_PHASE_STRIP = NO;
				DEBUG_INFORMATION_FORMAT = dwarf;
				ENABLE_STRICT_OBJC_MSGSEND = YES;
				ENABLE_TESTABILITY = YES;
				GCC_C_LANGUAGE_STANDARD = gnu11;
				GCC_DYNAMIC_NO_PIC = NO;
				GCC_NO_COMMON_BLOCKS = YES;
				GCC_OPTIMIZATION_LEVEL = 0;
				GCC_PREPROCESSOR_DEFINITIONS = (
					"DEBUG=1",
					"$(inherited)",
				);
				GCC_WARN_64_TO_32_BIT_CONVERSION = YES;
				GCC_WARN_ABOUT_RETURN_TYPE = YES_ERROR;
				GCC_WARN_UNDECLARED_SELECTOR = YES;
				GCC_WARN_UNINITIALIZED_AUTOS = YES_AGGRESSIVE;
				GCC_WARN_UNUSED_FUNCTION = YES;
				GCC_WARN_UNUSED_VARIABLE = YES;
				IPHONEOS_DEPLOYMENT_TARGET = 16.4;
				MTL_ENABLE_DEBUG_INFO = INCLUDE_SOURCE;
				MTL_FAST_MATH = YES;
				ONLY_ACTIVE_ARCH = YES;
				SDKROOT = iphoneos;
				SWIFT_ACTIVE_COMPILATION_CONDITIONS = DEBUG;
				SWIFT_OPTIMIZATION_LEVEL = "-Onone";
			};
			name = Debug;
		};
		3890765F2B14C56D00204768 /* Release */ = {
			isa = XCBuildConfiguration;
			buildSettings = {
				ALWAYS_SEARCH_USER_PATHS = NO;
				CLANG_ANALYZER_NONNULL = YES;
				CLANG_ANALYZER_NUMBER_OBJECT_CONVERSION = YES_AGGRESSIVE;
				CLANG_CXX_LANGUAGE_STANDARD = "gnu++20";
				CLANG_ENABLE_MODULES = YES;
				CLANG_ENABLE_OBJC_ARC = YES;
				CLANG_ENABLE_OBJC_WEAK = YES;
				CLANG_WARN_BLOCK_CAPTURE_AUTORELEASING = YES;
				CLANG_WARN_BOOL_CONVERSION = YES;
				CLANG_WARN_COMMA = YES;
				CLANG_WARN_CONSTANT_CONVERSION = YES;
				CLANG_WARN_DEPRECATED_OBJC_IMPLEMENTATIONS = YES;
				CLANG_WARN_DIRECT_OBJC_ISA_USAGE = YES_ERROR;
				CLANG_WARN_DOCUMENTATION_COMMENTS = YES;
				CLANG_WARN_EMPTY_BODY = YES;
				CLANG_WARN_ENUM_CONVERSION = YES;
				CLANG_WARN_INFINITE_RECURSION = YES;
				CLANG_WARN_INT_CONVERSION = YES;
				CLANG_WARN_NON_LITERAL_NULL_CONVERSION = YES;
				CLANG_WARN_OBJC_IMPLICIT_RETAIN_SELF = YES;
				CLANG_WARN_OBJC_LITERAL_CONVERSION = YES;
				CLANG_WARN_OBJC_ROOT_CLASS = YES_ERROR;
				CLANG_WARN_QUOTED_INCLUDE_IN_FRAMEWORK_HEADER = YES;
				CLANG_WARN_RANGE_LOOP_ANALYSIS = YES;
				CLANG_WARN_STRICT_PROTOTYPES = YES;
				CLANG_WARN_SUSPICIOUS_MOVE = YES;
				CLANG_WARN_UNGUARDED_AVAILABILITY = YES_AGGRESSIVE;
				CLANG_WARN_UNREACHABLE_CODE = YES;
				CLANG_WARN__DUPLICATE_METHOD_MATCH = YES;
				COPY_PHASE_STRIP = NO;
				DEBUG_INFORMATION_FORMAT = "dwarf-with-dsym";
				ENABLE_NS_ASSERTIONS = NO;
				ENABLE_STRICT_OBJC_MSGSEND = YES;
				GCC_C_LANGUAGE_STANDARD = gnu11;
				GCC_NO_COMMON_BLOCKS = YES;
				GCC_WARN_64_TO_32_BIT_CONVERSION = YES;
				GCC_WARN_ABOUT_RETURN_TYPE = YES_ERROR;
				GCC_WARN_UNDECLARED_SELECTOR = YES;
				GCC_WARN_UNINITIALIZED_AUTOS = YES_AGGRESSIVE;
				GCC_WARN_UNUSED_FUNCTION = YES;
				GCC_WARN_UNUSED_VARIABLE = YES;
				IPHONEOS_DEPLOYMENT_TARGET = 16.4;
				MTL_ENABLE_DEBUG_INFO = NO;
				MTL_FAST_MATH = YES;
				SDKROOT = iphoneos;
				SWIFT_COMPILATION_MODE = wholemodule;
				SWIFT_OPTIMIZATION_LEVEL = "-O";
				VALIDATE_PRODUCT = YES;
			};
			name = Release;
		};
		389076612B14C56D00204768 /* Debug */ = {
			isa = XCBuildConfiguration;
			baseConfigurationReference = B14EF973D48CE89784850CBF /* Pods-Tasawaq.debug.xcconfig */;
			buildSettings = {
				ASSETCATALOG_COMPILER_APPICON_NAME = AppIcon;
				ASSETCATALOG_COMPILER_GLOBAL_ACCENT_COLOR_NAME = AccentColor;
				CODE_SIGN_STYLE = Automatic;
				CURRENT_PROJECT_VERSION = 1;
				DEVELOPMENT_TEAM = 99TN99P4UG;
				GENERATE_INFOPLIST_FILE = YES;
				INFOPLIST_FILE = Tasawaq/Resources/Info.plist;
				INFOPLIST_KEY_UIApplicationSupportsIndirectInputEvents = YES;
				INFOPLIST_KEY_UILaunchStoryboardName = LaunchScreen;
				INFOPLIST_KEY_UISupportedInterfaceOrientations_iPad = "UIInterfaceOrientationPortrait UIInterfaceOrientationPortraitUpsideDown UIInterfaceOrientationLandscapeLeft UIInterfaceOrientationLandscapeRight";
				INFOPLIST_KEY_UISupportedInterfaceOrientations_iPhone = "UIInterfaceOrientationPortrait UIInterfaceOrientationLandscapeLeft UIInterfaceOrientationLandscapeRight";
				LD_RUNPATH_SEARCH_PATHS = (
					"$(inherited)",
					"@executable_path/Frameworks",
				);
				MARKETING_VERSION = 1.0;
				PRODUCT_BUNDLE_IDENTIFIER = Salma.Tasawaq;
				PRODUCT_NAME = "$(TARGET_NAME)";
				SWIFT_EMIT_LOC_STRINGS = YES;
				SWIFT_VERSION = 5.0;
				TARGETED_DEVICE_FAMILY = "1,2";
			};
			name = Debug;
		};
		389076622B14C56D00204768 /* Release */ = {
			isa = XCBuildConfiguration;
			baseConfigurationReference = E265564B6A69D35A4D66CC9B /* Pods-Tasawaq.release.xcconfig */;
			buildSettings = {
				ASSETCATALOG_COMPILER_APPICON_NAME = AppIcon;
				ASSETCATALOG_COMPILER_GLOBAL_ACCENT_COLOR_NAME = AccentColor;
				CODE_SIGN_STYLE = Automatic;
				CURRENT_PROJECT_VERSION = 1;
				DEVELOPMENT_TEAM = 99TN99P4UG;
				GENERATE_INFOPLIST_FILE = YES;
				INFOPLIST_FILE = Tasawaq/Resources/Info.plist;
				INFOPLIST_KEY_UIApplicationSupportsIndirectInputEvents = YES;
				INFOPLIST_KEY_UILaunchStoryboardName = LaunchScreen;
				INFOPLIST_KEY_UISupportedInterfaceOrientations_iPad = "UIInterfaceOrientationPortrait UIInterfaceOrientationPortraitUpsideDown UIInterfaceOrientationLandscapeLeft UIInterfaceOrientationLandscapeRight";
				INFOPLIST_KEY_UISupportedInterfaceOrientations_iPhone = "UIInterfaceOrientationPortrait UIInterfaceOrientationLandscapeLeft UIInterfaceOrientationLandscapeRight";
				LD_RUNPATH_SEARCH_PATHS = (
					"$(inherited)",
					"@executable_path/Frameworks",
				);
				MARKETING_VERSION = 1.0;
				PRODUCT_BUNDLE_IDENTIFIER = Salma.Tasawaq;
				PRODUCT_NAME = "$(TARGET_NAME)";
				SWIFT_EMIT_LOC_STRINGS = YES;
				SWIFT_VERSION = 5.0;
				TARGETED_DEVICE_FAMILY = "1,2";
			};
			name = Release;
		};
		389076642B14C56D00204768 /* Debug */ = {
			isa = XCBuildConfiguration;
			baseConfigurationReference = 1736ACCCC87FDDDDFE0B4B52 /* Pods-TasawaqTests.debug.xcconfig */;
			buildSettings = {
				ALWAYS_EMBED_SWIFT_STANDARD_LIBRARIES = YES;
				BUNDLE_LOADER = "$(TEST_HOST)";
				CODE_SIGN_STYLE = Automatic;
				CURRENT_PROJECT_VERSION = 1;
				DEVELOPMENT_TEAM = 99TN99P4UG;
				GENERATE_INFOPLIST_FILE = YES;
				IPHONEOS_DEPLOYMENT_TARGET = 16.4;
				MARKETING_VERSION = 1.0;
				PRODUCT_BUNDLE_IDENTIFIER = Salma.TasawaqTests;
				PRODUCT_NAME = "$(TARGET_NAME)";
				SWIFT_EMIT_LOC_STRINGS = NO;
				SWIFT_VERSION = 5.0;
				TARGETED_DEVICE_FAMILY = "1,2";
				TEST_HOST = "$(BUILT_PRODUCTS_DIR)/Tasawaq.app/$(BUNDLE_EXECUTABLE_FOLDER_PATH)/Tasawaq";
			};
			name = Debug;
		};
		389076652B14C56D00204768 /* Release */ = {
			isa = XCBuildConfiguration;
			baseConfigurationReference = 500BCC1E38E1C9BC8C20CBC7 /* Pods-TasawaqTests.release.xcconfig */;
			buildSettings = {
				ALWAYS_EMBED_SWIFT_STANDARD_LIBRARIES = YES;
				BUNDLE_LOADER = "$(TEST_HOST)";
				CODE_SIGN_STYLE = Automatic;
				CURRENT_PROJECT_VERSION = 1;
				DEVELOPMENT_TEAM = 99TN99P4UG;
				GENERATE_INFOPLIST_FILE = YES;
				IPHONEOS_DEPLOYMENT_TARGET = 16.4;
				MARKETING_VERSION = 1.0;
				PRODUCT_BUNDLE_IDENTIFIER = Salma.TasawaqTests;
				PRODUCT_NAME = "$(TARGET_NAME)";
				SWIFT_EMIT_LOC_STRINGS = NO;
				SWIFT_VERSION = 5.0;
				TARGETED_DEVICE_FAMILY = "1,2";
				TEST_HOST = "$(BUILT_PRODUCTS_DIR)/Tasawaq.app/$(BUNDLE_EXECUTABLE_FOLDER_PATH)/Tasawaq";
			};
			name = Release;
		};
		389076672B14C56D00204768 /* Debug */ = {
			isa = XCBuildConfiguration;
			baseConfigurationReference = 9B965FA336B7FC4510BC7FD2 /* Pods-Tasawaq-TasawaqUITests.debug.xcconfig */;
			buildSettings = {
				ALWAYS_EMBED_SWIFT_STANDARD_LIBRARIES = YES;
				CODE_SIGN_STYLE = Automatic;
				CURRENT_PROJECT_VERSION = 1;
				DEVELOPMENT_TEAM = 99TN99P4UG;
				GENERATE_INFOPLIST_FILE = YES;
				MARKETING_VERSION = 1.0;
				PRODUCT_BUNDLE_IDENTIFIER = Salma.TasawaqUITests;
				PRODUCT_NAME = "$(TARGET_NAME)";
				SWIFT_EMIT_LOC_STRINGS = NO;
				SWIFT_VERSION = 5.0;
				TARGETED_DEVICE_FAMILY = "1,2";
				TEST_TARGET_NAME = Tasawaq;
			};
			name = Debug;
		};
		389076682B14C56D00204768 /* Release */ = {
			isa = XCBuildConfiguration;
			baseConfigurationReference = 412A9EBA5965B86D1566F2A4 /* Pods-Tasawaq-TasawaqUITests.release.xcconfig */;
			buildSettings = {
				ALWAYS_EMBED_SWIFT_STANDARD_LIBRARIES = YES;
				CODE_SIGN_STYLE = Automatic;
				CURRENT_PROJECT_VERSION = 1;
				DEVELOPMENT_TEAM = 99TN99P4UG;
				GENERATE_INFOPLIST_FILE = YES;
				MARKETING_VERSION = 1.0;
				PRODUCT_BUNDLE_IDENTIFIER = Salma.TasawaqUITests;
				PRODUCT_NAME = "$(TARGET_NAME)";
				SWIFT_EMIT_LOC_STRINGS = NO;
				SWIFT_VERSION = 5.0;
				TARGETED_DEVICE_FAMILY = "1,2";
				TEST_TARGET_NAME = Tasawaq;
			};
			name = Release;
		};
/* End XCBuildConfiguration section */

/* Begin XCConfigurationList section */
		389076312B14C55900204768 /* Build configuration list for PBXProject "Tasawaq" */ = {
			isa = XCConfigurationList;
			buildConfigurations = (
				3890765E2B14C56D00204768 /* Debug */,
				3890765F2B14C56D00204768 /* Release */,
			);
			defaultConfigurationIsVisible = 0;
			defaultConfigurationName = Release;
		};
		389076602B14C56D00204768 /* Build configuration list for PBXNativeTarget "Tasawaq" */ = {
			isa = XCConfigurationList;
			buildConfigurations = (
				389076612B14C56D00204768 /* Debug */,
				389076622B14C56D00204768 /* Release */,
			);
			defaultConfigurationIsVisible = 0;
			defaultConfigurationName = Release;
		};
		389076632B14C56D00204768 /* Build configuration list for PBXNativeTarget "TasawaqTests" */ = {
			isa = XCConfigurationList;
			buildConfigurations = (
				389076642B14C56D00204768 /* Debug */,
				389076652B14C56D00204768 /* Release */,
			);
			defaultConfigurationIsVisible = 0;
			defaultConfigurationName = Release;
		};
		389076662B14C56D00204768 /* Build configuration list for PBXNativeTarget "TasawaqUITests" */ = {
			isa = XCConfigurationList;
			buildConfigurations = (
				389076672B14C56D00204768 /* Debug */,
				389076682B14C56D00204768 /* Release */,
			);
			defaultConfigurationIsVisible = 0;
			defaultConfigurationName = Release;
		};
/* End XCConfigurationList section */
	};
	rootObject = 3890762E2B14C55900204768 /* Project object */;
}
